// !$*UTF8*$!
{
	archiveVersion = 1;
	classes = {
	};
	objectVersion = 51;
	objects = {

/* Begin PBXBuildFile section */
		353B6ABE263099F900FAC433 /* AppChangeLanguage.swift in Sources */ = {isa = PBXBuildFile; fileRef = 353B6ABD263099F900FAC433 /* AppChangeLanguage.swift */; };
		353B6ADF2630B2C500FAC433 /* Customer.storyboard in Resources */ = {isa = PBXBuildFile; fileRef = 353B6AE12630B2C500FAC433 /* Customer.storyboard */; };
		355CCEE12630BCE300FE22E0 /* LocalizationSystem.swift in Sources */ = {isa = PBXBuildFile; fileRef = 355CCEDF2630BCE300FE22E0 /* LocalizationSystem.swift */; };
		355CCEE22630BCE300FE22E0 /* Localizable.swift in Sources */ = {isa = PBXBuildFile; fileRef = 355CCEE02630BCE300FE22E0 /* Localizable.swift */; };
		355CCEFA2630C7A900FE22E0 /* Localizable.strings in Resources */ = {isa = PBXBuildFile; fileRef = 355CCEFC2630C7A900FE22E0 /* Localizable.strings */; };
		35703DBB2621C8BC00D4F260 /* Poppins-Bold.ttf in Sources */ = {isa = PBXBuildFile; fileRef = 35703DB62621C88F00D4F260 /* Poppins-Bold.ttf */; };
		35703DBC2621C8BC00D4F260 /* Poppins-Light.ttf in Sources */ = {isa = PBXBuildFile; fileRef = 35703DB72621C88F00D4F260 /* Poppins-Light.ttf */; };
		35703DBD2621C8BC00D4F260 /* Poppins-Medium.ttf in Sources */ = {isa = PBXBuildFile; fileRef = 35703DB92621C89000D4F260 /* Poppins-Medium.ttf */; };
		35703DBE2621C8BC00D4F260 /* Poppins-Regular.ttf in Sources */ = {isa = PBXBuildFile; fileRef = 35703DB82621C88F00D4F260 /* Poppins-Regular.ttf */; };
		35703DBF2621C8BC00D4F260 /* Poppins-SemiBold.ttf in Sources */ = {isa = PBXBuildFile; fileRef = 35703DB52621C88F00D4F260 /* Poppins-SemiBold.ttf */; };
		35703DC02621C8BC00D4F260 /* Poppins-Thin.ttf in Sources */ = {isa = PBXBuildFile; fileRef = 35703DBA2621C89000D4F260 /* Poppins-Thin.ttf */; };
		35703DC32621E2E300D4F260 /* Khebrat Musamim 2018 Regular.ttf in Sources */ = {isa = PBXBuildFile; fileRef = 35703DC22621E2D900D4F260 /* Khebrat Musamim 2018 Regular.ttf */; };
		35703DC72621F0D300D4F260 /* DasBoardCustViewController.swift in Sources */ = {isa = PBXBuildFile; fileRef = 35703DC62621F0D300D4F260 /* DasBoardCustViewController.swift */; };
		35703DCC2621F17300D4F260 /* DashBoardTableViewCell.swift in Sources */ = {isa = PBXBuildFile; fileRef = 35703DCB2621F17300D4F260 /* DashBoardTableViewCell.swift */; };
		35703DD02621F5B500D4F260 /* UtechTab_UTC.swift in Sources */ = {isa = PBXBuildFile; fileRef = 35703DCF2621F5B500D4F260 /* UtechTab_UTC.swift */; };
		35703DDC2621FB9400D4F260 /* SettingTabVC.swift in Sources */ = {isa = PBXBuildFile; fileRef = 35703DDB2621FB9400D4F260 /* SettingTabVC.swift */; };
		35703DDF2621FBB800D4F260 /* ProfilleTabVC.swift in Sources */ = {isa = PBXBuildFile; fileRef = 35703DDE2621FBB800D4F260 /* ProfilleTabVC.swift */; };
		35703DE32621FBE200D4F260 /* CalendarTabVC.swift in Sources */ = {isa = PBXBuildFile; fileRef = 35703DE22621FBE200D4F260 /* CalendarTabVC.swift */; };
		35703DE62621FBFB00D4F260 /* ProfileTab.storyboard in Resources */ = {isa = PBXBuildFile; fileRef = 35703DE52621FBFB00D4F260 /* ProfileTab.storyboard */; };
		35703DE92621FC4700D4F260 /* CalendarTab.storyboard in Resources */ = {isa = PBXBuildFile; fileRef = 35703DE82621FC4700D4F260 /* CalendarTab.storyboard */; };
		35703DEC2621FC9500D4F260 /* SettingTab.storyboard in Resources */ = {isa = PBXBuildFile; fileRef = 35703DEB2621FC9500D4F260 /* SettingTab.storyboard */; };
		35748D75263E35430002DC21 /* WSRequest.swift in Sources */ = {isa = PBXBuildFile; fileRef = 35748D73263E35430002DC21 /* WSRequest.swift */; };
		35748D76263E35430002DC21 /* ApiCall.swift in Sources */ = {isa = PBXBuildFile; fileRef = 35748D74263E35430002DC21 /* ApiCall.swift */; };
		35748D82263E36230002DC21 /* Reachability.swift in Sources */ = {isa = PBXBuildFile; fileRef = 35748D81263E36220002DC21 /* Reachability.swift */; };
		35748D85263E36CE0002DC21 /* Utility.swift in Sources */ = {isa = PBXBuildFile; fileRef = 35748D84263E36CE0002DC21 /* Utility.swift */; };
		35748D88263E38130002DC21 /* AppUtility.swift in Sources */ = {isa = PBXBuildFile; fileRef = 35748D87263E38130002DC21 /* AppUtility.swift */; };
		35748D8C263E392A0002DC21 /* UserDefaultsConstant.swift in Sources */ = {isa = PBXBuildFile; fileRef = 35748D8B263E392A0002DC21 /* UserDefaultsConstant.swift */; };
		35748D9A263EC3C80002DC21 /* SetteingsTVC.swift in Sources */ = {isa = PBXBuildFile; fileRef = 35748D99263EC3C80002DC21 /* SetteingsTVC.swift */; };
		35748DA0263EDC480002DC21 /* Doctor.storyboard in Resources */ = {isa = PBXBuildFile; fileRef = 35748D9E263EDC480002DC21 /* Doctor.storyboard */; };
		35748DA6263F20870002DC21 /* GeneralExtensions.swift in Sources */ = {isa = PBXBuildFile; fileRef = 35748DA5263F20870002DC21 /* GeneralExtensions.swift */; };
		35C5A11B2638741B00BDCA3A /* RecordMessage.storyboard in Resources */ = {isa = PBXBuildFile; fileRef = 35C5A11A2638741B00BDCA3A /* RecordMessage.storyboard */; };
		7912FA18264AAF000069DF0E /* HomeHeaderCell.swift in Sources */ = {isa = PBXBuildFile; fileRef = 7912FA17264AAF000069DF0E /* HomeHeaderCell.swift */; };
		7912FA1C264AC0CD0069DF0E /* CartVC.swift in Sources */ = {isa = PBXBuildFile; fileRef = 7912FA1B264AC0CD0069DF0E /* CartVC.swift */; };
		7912FA21264AD4EF0069DF0E /* QuestionnaireFormVC.swift in Sources */ = {isa = PBXBuildFile; fileRef = 7912FA20264AD4EF0069DF0E /* QuestionnaireFormVC.swift */; };
		7922408426499D2E0076E14C /* CalendarVC.swift in Sources */ = {isa = PBXBuildFile; fileRef = 7922408326499D2E0076E14C /* CalendarVC.swift */; };
		7923A20C2645B0E600E14DE2 /* UserData.swift in Sources */ = {isa = PBXBuildFile; fileRef = 7923A20B2645B0E600E14DE2 /* UserData.swift */; };
		7965F19A264BF2170059DF36 /* StepSlider.m in Sources */ = {isa = PBXBuildFile; fileRef = 7965F199264BF2170059DF36 /* StepSlider.m */; };
		79692CCC262087880056FB00 /* UIColor + AI-Areef.swift in Sources */ = {isa = PBXBuildFile; fileRef = 79692CCB262087880056FB00 /* UIColor + AI-Areef.swift */; };
		79692CD726208E0F0056FB00 /* LoginStepOneVC.swift in Sources */ = {isa = PBXBuildFile; fileRef = 79692CD626208E0F0056FB00 /* LoginStepOneVC.swift */; };
		79692CDB26208E330056FB00 /* LonginVC.swift in Sources */ = {isa = PBXBuildFile; fileRef = 79692CDA26208E330056FB00 /* LonginVC.swift */; };
		79692CDF262094110056FB00 /* UIView + Al-Areef.swift in Sources */ = {isa = PBXBuildFile; fileRef = 79692CDE262094110056FB00 /* UIView + Al-Areef.swift */; };
		79692CE2262097330056FB00 /* UILabel + Al-Areef.swift in Sources */ = {isa = PBXBuildFile; fileRef = 79692CE1262097330056FB00 /* UILabel + Al-Areef.swift */; };
		79692CE626209D210056FB00 /* UITapGestureRecognizer + Al-Areef.swift in Sources */ = {isa = PBXBuildFile; fileRef = 79692CE526209D210056FB00 /* UITapGestureRecognizer + Al-Areef.swift */; };
		79692CE92620A5020056FB00 /* UIViewController + Al-Areef.swift in Sources */ = {isa = PBXBuildFile; fileRef = 79692CE82620A5020056FB00 /* UIViewController + Al-Areef.swift */; };
		79692CED2620A7D90056FB00 /* CustomerRegistrationVC.swift in Sources */ = {isa = PBXBuildFile; fileRef = 79692CEC2620A7D90056FB00 /* CustomerRegistrationVC.swift */; };
		79692CF12620A8150056FB00 /* SignUpVC.swift in Sources */ = {isa = PBXBuildFile; fileRef = 79692CF02620A8150056FB00 /* SignUpVC.swift */; };
		79692CF82620B96C0056FB00 /* SkyFloatingLabelTextFieldWithIcon.swift in Sources */ = {isa = PBXBuildFile; fileRef = 79692CF52620B96C0056FB00 /* SkyFloatingLabelTextFieldWithIcon.swift */; };
		79692CF92620B96C0056FB00 /* SkyFloatingLabelTextField.swift in Sources */ = {isa = PBXBuildFile; fileRef = 79692CF62620B96C0056FB00 /* SkyFloatingLabelTextField.swift */; };
		79692CFA2620B96C0056FB00 /* UITextField+fixCaretPosition.swift in Sources */ = {isa = PBXBuildFile; fileRef = 79692CF72620B96C0056FB00 /* UITextField+fixCaretPosition.swift */; };
		79692D012620BDD60056FB00 /* OTPVC.swift in Sources */ = {isa = PBXBuildFile; fileRef = 79692D002620BDD60056FB00 /* OTPVC.swift */; };
		79692D052620C3090056FB00 /* OTPView.swift in Sources */ = {isa = PBXBuildFile; fileRef = 79692D042620C3090056FB00 /* OTPView.swift */; };
		79692D082620C37F0056FB00 /* String + AI-Areef.swift in Sources */ = {isa = PBXBuildFile; fileRef = 79692D072620C37F0056FB00 /* String + AI-Areef.swift */; };
		79692D0F2620D2B80056FB00 /* Storyboard + AI-Areef.swift in Sources */ = {isa = PBXBuildFile; fileRef = 79692D0E2620D2B80056FB00 /* Storyboard + AI-Areef.swift */; };
		79960D1426206FCD0094483C /* AppDelegate.swift in Sources */ = {isa = PBXBuildFile; fileRef = 79960D1326206FCD0094483C /* AppDelegate.swift */; };
		79960D1826206FCD0094483C /* SplashVC.swift in Sources */ = {isa = PBXBuildFile; fileRef = 79960D1726206FCD0094483C /* SplashVC.swift */; };
		79960D1B26206FCD0094483C /* Main.storyboard in Resources */ = {isa = PBXBuildFile; fileRef = 79960D1926206FCD0094483C /* Main.storyboard */; };
		79960D2026206FCE0094483C /* LaunchScreen.storyboard in Resources */ = {isa = PBXBuildFile; fileRef = 79960D1E26206FCE0094483C /* LaunchScreen.storyboard */; };
		79B42DB4263FEBF1007252ED /* CompanyRegistrationOneVC.swift in Sources */ = {isa = PBXBuildFile; fileRef = 79B42DAF263FEBF1007252ED /* CompanyRegistrationOneVC.swift */; };
		79B42DB5263FEBF1007252ED /* SelectPlanVC.swift in Sources */ = {isa = PBXBuildFile; fileRef = 79B42DB1263FEBF1007252ED /* SelectPlanVC.swift */; };
		79B42DB6263FEBF1007252ED /* CompanyRegistrationTwoVC.swift in Sources */ = {isa = PBXBuildFile; fileRef = 79B42DB3263FEBF1007252ED /* CompanyRegistrationTwoVC.swift */; };
		79B42DB9263FEC11007252ED /* Company.storyboard in Resources */ = {isa = PBXBuildFile; fileRef = 79B42DB8263FEC11007252ED /* Company.storyboard */; };
		79B42DCE263FEE6C007252ED /* NSAttributedString + AI-Areef.swift in Sources */ = {isa = PBXBuildFile; fileRef = 79B42DCD263FEE6C007252ED /* NSAttributedString + AI-Areef.swift */; };
		79B42DDA263FF338007252ED /* Assets.xcassets in Resources */ = {isa = PBXBuildFile; fileRef = 79B42DD9263FF338007252ED /* Assets.xcassets */; };
		79B42E0D263FF375007252ED /* MakePaymentVC.swift in Sources */ = {isa = PBXBuildFile; fileRef = 79B42DDF263FF375007252ED /* MakePaymentVC.swift */; };
		79B42E0E263FF375007252ED /* ConsultantDetailsVC.swift in Sources */ = {isa = PBXBuildFile; fileRef = 79B42DE1263FF375007252ED /* ConsultantDetailsVC.swift */; };
		79B42E0F263FF375007252ED /* WriteMessageVC.swift in Sources */ = {isa = PBXBuildFile; fileRef = 79B42DE3263FF375007252ED /* WriteMessageVC.swift */; };
		79B42E10263FF375007252ED /* AnswerQuestionsVC.swift in Sources */ = {isa = PBXBuildFile; fileRef = 79B42DE5263FF375007252ED /* AnswerQuestionsVC.swift */; };
		79B42E11263FF375007252ED /* AnswerQuestionsTextViewCell.swift in Sources */ = {isa = PBXBuildFile; fileRef = 79B42DE7263FF375007252ED /* AnswerQuestionsTextViewCell.swift */; };
		79B42E12263FF375007252ED /* AnswerQuestionsCell.swift in Sources */ = {isa = PBXBuildFile; fileRef = 79B42DE8263FF375007252ED /* AnswerQuestionsCell.swift */; };
		79B42E13263FF375007252ED /* ConsultingTypeVC.swift in Sources */ = {isa = PBXBuildFile; fileRef = 79B42DEA263FF375007252ED /* ConsultingTypeVC.swift */; };
		79B42E14263FF375007252ED /* ConsultingTypeCell.swift in Sources */ = {isa = PBXBuildFile; fileRef = 79B42DEC263FF375007252ED /* ConsultingTypeCell.swift */; };
		79B42E15263FF375007252ED /* MyAppointmentCell.swift in Sources */ = {isa = PBXBuildFile; fileRef = 79B42DEF263FF375007252ED /* MyAppointmentCell.swift */; };
		79B42E16263FF375007252ED /* MyAppointmentVC.swift in Sources */ = {isa = PBXBuildFile; fileRef = 79B42DF0263FF375007252ED /* MyAppointmentVC.swift */; };
		79B42E17263FF375007252ED /* ConsultingPersonalVC.swift in Sources */ = {isa = PBXBuildFile; fileRef = 79B42DF2263FF375007252ED /* ConsultingPersonalVC.swift */; };
		79B42E18263FF375007252ED /* ConsultingPersonalCell.swift in Sources */ = {isa = PBXBuildFile; fileRef = 79B42DF4263FF375007252ED /* ConsultingPersonalCell.swift */; };
		79B42E19263FF375007252ED /* RecordReviewVC.swift in Sources */ = {isa = PBXBuildFile; fileRef = 79B42DF6263FF375007252ED /* RecordReviewVC.swift */; };
		79B42E1A263FF375007252ED /* AppointmentReservationVC.swift in Sources */ = {isa = PBXBuildFile; fileRef = 79B42DF8263FF375007252ED /* AppointmentReservationVC.swift */; };
		79B42E1B263FF375007252ED /* MapVC.swift in Sources */ = {isa = PBXBuildFile; fileRef = 79B42DFA263FF375007252ED /* MapVC.swift */; };
		79B42E1C263FF375007252ED /* PaymentSuccessPopupVC.swift in Sources */ = {isa = PBXBuildFile; fileRef = 79B42DFC263FF375007252ED /* PaymentSuccessPopupVC.swift */; };
		79B42E1D263FF375007252ED /* RecordMessageVC.swift in Sources */ = {isa = PBXBuildFile; fileRef = 79B42DFE263FF375007252ED /* RecordMessageVC.swift */; };
		79B42E1E263FF375007252ED /* RecordDoneVC.swift in Sources */ = {isa = PBXBuildFile; fileRef = 79B42DFF263FF375007252ED /* RecordDoneVC.swift */; };
		79B42E1F263FF375007252ED /* ChooseDurationCell.swift in Sources */ = {isa = PBXBuildFile; fileRef = 79B42E02263FF375007252ED /* ChooseDurationCell.swift */; };
		79B42E20263FF375007252ED /* ChooseDurationHeaderCell.swift in Sources */ = {isa = PBXBuildFile; fileRef = 79B42E03263FF375007252ED /* ChooseDurationHeaderCell.swift */; };
		79B42E21263FF375007252ED /* ChooseDurationFooterCell.swift in Sources */ = {isa = PBXBuildFile; fileRef = 79B42E04263FF375007252ED /* ChooseDurationFooterCell.swift */; };
		79B42E22263FF375007252ED /* ChooseDurationVC.swift in Sources */ = {isa = PBXBuildFile; fileRef = 79B42E05263FF375007252ED /* ChooseDurationVC.swift */; };
		79B42E23263FF375007252ED /* ConsultingDurationVC.swift in Sources */ = {isa = PBXBuildFile; fileRef = 79B42E07263FF375007252ED /* ConsultingDurationVC.swift */; };
		79B42E24263FF375007252ED /* ConsultingListVC.swift in Sources */ = {isa = PBXBuildFile; fileRef = 79B42E09263FF375007252ED /* ConsultingListVC.swift */; };
		79B42E25263FF375007252ED /* ConsultingListHeaderCell.swift in Sources */ = {isa = PBXBuildFile; fileRef = 79B42E0B263FF375007252ED /* ConsultingListHeaderCell.swift */; };
		79B42E26263FF375007252ED /* ConsultingListCell.swift in Sources */ = {isa = PBXBuildFile; fileRef = 79B42E0C263FF375007252ED /* ConsultingListCell.swift */; };
		79CBD8CF262460F000CB0FC9 /* InfoSliderVC.swift in Sources */ = {isa = PBXBuildFile; fileRef = 79CBD8CE262460F000CB0FC9 /* InfoSliderVC.swift */; };
		79CBD8EC262466D200CB0FC9 /* InfoSliderCell.swift in Sources */ = {isa = PBXBuildFile; fileRef = 79CBD8EB262466D200CB0FC9 /* InfoSliderCell.swift */; };
		79CBD8F026247F4800CB0FC9 /* RegistrationStepOneVC.swift in Sources */ = {isa = PBXBuildFile; fileRef = 79CBD8EF26247F4800CB0FC9 /* RegistrationStepOneVC.swift */; };
		79CBD8F3262486BC00CB0FC9 /* RegistrationStepTwoVC.swift in Sources */ = {isa = PBXBuildFile; fileRef = 79CBD8F2262486BC00CB0FC9 /* RegistrationStepTwoVC.swift */; };
		79CBD8F62624961300CB0FC9 /* UIImage + AI-Areef.swift in Sources */ = {isa = PBXBuildFile; fileRef = 79CBD8F52624961300CB0FC9 /* UIImage + AI-Areef.swift */; };
		79CBD8F92624A13000CB0FC9 /* CreateDoctorProfileVC.swift in Sources */ = {isa = PBXBuildFile; fileRef = 79CBD8F82624A13000CB0FC9 /* CreateDoctorProfileVC.swift */; };
		79CBD9002624B8C100CB0FC9 /* AcademicQualificationVC.swift in Sources */ = {isa = PBXBuildFile; fileRef = 79CBD8FF2624B8C100CB0FC9 /* AcademicQualificationVC.swift */; };
		79CBD9042624B8D000CB0FC9 /* WorkExperienceVC.swift in Sources */ = {isa = PBXBuildFile; fileRef = 79CBD9032624B8D000CB0FC9 /* WorkExperienceVC.swift */; };
		79CBD9072624B8E000CB0FC9 /* ConsultantProfileVC.swift in Sources */ = {isa = PBXBuildFile; fileRef = 79CBD9062624B8E000CB0FC9 /* ConsultantProfileVC.swift */; };
		79D98B012634454C003B511B /* PlaceholderTextView.swift in Sources */ = {isa = PBXBuildFile; fileRef = 79D98B002634454C003B511B /* PlaceholderTextView.swift */; };
		79ED2D8E2646BCEC001F6A1E /* DashBoardCustomer.storyboard in Resources */ = {isa = PBXBuildFile; fileRef = 79ED2D902646BCEC001F6A1E /* DashBoardCustomer.storyboard */; };
		79ED2DA32646DA22001F6A1E /* Poppins-Bold.ttf in Resources */ = {isa = PBXBuildFile; fileRef = 35703DB62621C88F00D4F260 /* Poppins-Bold.ttf */; };
		79ED2DA42646DA22001F6A1E /* Poppins-Light.ttf in Resources */ = {isa = PBXBuildFile; fileRef = 35703DB72621C88F00D4F260 /* Poppins-Light.ttf */; };
		79ED2DA52646DA22001F6A1E /* Poppins-Medium.ttf in Resources */ = {isa = PBXBuildFile; fileRef = 35703DB92621C89000D4F260 /* Poppins-Medium.ttf */; };
		79ED2DA62646DA22001F6A1E /* Khebrat Musamim 2018 Regular.ttf in Resources */ = {isa = PBXBuildFile; fileRef = 35703DC22621E2D900D4F260 /* Khebrat Musamim 2018 Regular.ttf */; };
		79ED2DA72646DA22001F6A1E /* Poppins-Regular.ttf in Resources */ = {isa = PBXBuildFile; fileRef = 35703DB82621C88F00D4F260 /* Poppins-Regular.ttf */; };
		79ED2DA82646DA22001F6A1E /* Poppins-SemiBold.ttf in Resources */ = {isa = PBXBuildFile; fileRef = 35703DB52621C88F00D4F260 /* Poppins-SemiBold.ttf */; };
		79ED2DA92646DA22001F6A1E /* Poppins-Thin.ttf in Resources */ = {isa = PBXBuildFile; fileRef = 35703DBA2621C89000D4F260 /* Poppins-Thin.ttf */; };
		A05B53B8A5E85D9023A390BD /* Pods_Al_Areef.framework in Frameworks */ = {isa = PBXBuildFile; fileRef = 5525756C1DB9CA2B98F4DCC0 /* Pods_Al_Areef.framework */; };
/* End PBXBuildFile section */

/* Begin PBXFileReference section */
		14C6E187FF4B6DACDB186EC2 /* Pods-Al-Areef.release.xcconfig */ = {isa = PBXFileReference; includeInIndex = 1; lastKnownFileType = text.xcconfig; name = "Pods-Al-Areef.release.xcconfig"; path = "Target Support Files/Pods-Al-Areef/Pods-Al-Areef.release.xcconfig"; sourceTree = "<group>"; };
		353B6ABD263099F900FAC433 /* AppChangeLanguage.swift */ = {isa = PBXFileReference; fileEncoding = 4; lastKnownFileType = sourcecode.swift; path = AppChangeLanguage.swift; sourceTree = "<group>"; };
		353B6AE02630B2C500FAC433 /* Base */ = {isa = PBXFileReference; lastKnownFileType = file.storyboard; name = Base; path = Base.lproj/Customer.storyboard; sourceTree = "<group>"; };
		355CCEDF2630BCE300FE22E0 /* LocalizationSystem.swift */ = {isa = PBXFileReference; fileEncoding = 4; lastKnownFileType = sourcecode.swift; path = LocalizationSystem.swift; sourceTree = "<group>"; };
		355CCEE02630BCE300FE22E0 /* Localizable.swift */ = {isa = PBXFileReference; fileEncoding = 4; lastKnownFileType = sourcecode.swift; path = Localizable.swift; sourceTree = "<group>"; };
		355CCEF52630C75E00FE22E0 /* ar */ = {isa = PBXFileReference; lastKnownFileType = text.plist.strings; name = ar; path = ar.lproj/Customer.strings; sourceTree = "<group>"; };
		355CCEF62630C75F00FE22E0 /* ar */ = {isa = PBXFileReference; lastKnownFileType = text.plist.strings; name = ar; path = ar.lproj/LaunchScreen.strings; sourceTree = "<group>"; };
		355CCEFB2630C7A900FE22E0 /* en */ = {isa = PBXFileReference; lastKnownFileType = text.plist.strings; name = en; path = en.lproj/Localizable.strings; sourceTree = "<group>"; };
		355CCEFE2630C7AD00FE22E0 /* ar */ = {isa = PBXFileReference; lastKnownFileType = text.plist.strings; name = ar; path = ar.lproj/Localizable.strings; sourceTree = "<group>"; };
		355CCF072630CCA700FE22E0 /* en */ = {isa = PBXFileReference; lastKnownFileType = text.plist.strings; name = en; path = en.lproj/Main.strings; sourceTree = "<group>"; };
		355CCF0A2630CCEE00FE22E0 /* ar */ = {isa = PBXFileReference; lastKnownFileType = text.plist.strings; name = ar; path = ar.lproj/Main.strings; sourceTree = "<group>"; };
		35703DB52621C88F00D4F260 /* Poppins-SemiBold.ttf */ = {isa = PBXFileReference; lastKnownFileType = file; path = "Poppins-SemiBold.ttf"; sourceTree = "<group>"; };
		35703DB62621C88F00D4F260 /* Poppins-Bold.ttf */ = {isa = PBXFileReference; lastKnownFileType = file; path = "Poppins-Bold.ttf"; sourceTree = "<group>"; };
		35703DB72621C88F00D4F260 /* Poppins-Light.ttf */ = {isa = PBXFileReference; lastKnownFileType = file; path = "Poppins-Light.ttf"; sourceTree = "<group>"; };
		35703DB82621C88F00D4F260 /* Poppins-Regular.ttf */ = {isa = PBXFileReference; lastKnownFileType = file; path = "Poppins-Regular.ttf"; sourceTree = "<group>"; };
		35703DB92621C89000D4F260 /* Poppins-Medium.ttf */ = {isa = PBXFileReference; lastKnownFileType = file; path = "Poppins-Medium.ttf"; sourceTree = "<group>"; };
		35703DBA2621C89000D4F260 /* Poppins-Thin.ttf */ = {isa = PBXFileReference; lastKnownFileType = file; path = "Poppins-Thin.ttf"; sourceTree = "<group>"; };
		35703DC22621E2D900D4F260 /* Khebrat Musamim 2018 Regular.ttf */ = {isa = PBXFileReference; lastKnownFileType = file; path = "Khebrat Musamim 2018 Regular.ttf"; sourceTree = "<group>"; };
		35703DC62621F0D300D4F260 /* DasBoardCustViewController.swift */ = {isa = PBXFileReference; lastKnownFileType = sourcecode.swift; path = DasBoardCustViewController.swift; sourceTree = "<group>"; };
		35703DCB2621F17300D4F260 /* DashBoardTableViewCell.swift */ = {isa = PBXFileReference; lastKnownFileType = sourcecode.swift; path = DashBoardTableViewCell.swift; sourceTree = "<group>"; };
		35703DCF2621F5B500D4F260 /* UtechTab_UTC.swift */ = {isa = PBXFileReference; fileEncoding = 4; lastKnownFileType = sourcecode.swift; path = UtechTab_UTC.swift; sourceTree = "<group>"; };
		35703DDB2621FB9400D4F260 /* SettingTabVC.swift */ = {isa = PBXFileReference; lastKnownFileType = sourcecode.swift; path = SettingTabVC.swift; sourceTree = "<group>"; };
		35703DDE2621FBB800D4F260 /* ProfilleTabVC.swift */ = {isa = PBXFileReference; lastKnownFileType = sourcecode.swift; path = ProfilleTabVC.swift; sourceTree = "<group>"; };
		35703DE22621FBE200D4F260 /* CalendarTabVC.swift */ = {isa = PBXFileReference; lastKnownFileType = sourcecode.swift; path = CalendarTabVC.swift; sourceTree = "<group>"; };
		35703DE52621FBFB00D4F260 /* ProfileTab.storyboard */ = {isa = PBXFileReference; lastKnownFileType = file.storyboard; path = ProfileTab.storyboard; sourceTree = "<group>"; };
		35703DE82621FC4700D4F260 /* CalendarTab.storyboard */ = {isa = PBXFileReference; lastKnownFileType = file.storyboard; path = CalendarTab.storyboard; sourceTree = "<group>"; };
		35703DEB2621FC9500D4F260 /* SettingTab.storyboard */ = {isa = PBXFileReference; lastKnownFileType = file.storyboard; path = SettingTab.storyboard; sourceTree = "<group>"; };
		35748D73263E35430002DC21 /* WSRequest.swift */ = {isa = PBXFileReference; fileEncoding = 4; lastKnownFileType = sourcecode.swift; path = WSRequest.swift; sourceTree = "<group>"; };
		35748D74263E35430002DC21 /* ApiCall.swift */ = {isa = PBXFileReference; fileEncoding = 4; lastKnownFileType = sourcecode.swift; path = ApiCall.swift; sourceTree = "<group>"; };
		35748D81263E36220002DC21 /* Reachability.swift */ = {isa = PBXFileReference; fileEncoding = 4; lastKnownFileType = sourcecode.swift; path = Reachability.swift; sourceTree = "<group>"; };
		35748D84263E36CE0002DC21 /* Utility.swift */ = {isa = PBXFileReference; fileEncoding = 4; lastKnownFileType = sourcecode.swift; path = Utility.swift; sourceTree = "<group>"; };
		35748D87263E38130002DC21 /* AppUtility.swift */ = {isa = PBXFileReference; fileEncoding = 4; lastKnownFileType = sourcecode.swift; path = AppUtility.swift; sourceTree = "<group>"; };
		35748D8B263E392A0002DC21 /* UserDefaultsConstant.swift */ = {isa = PBXFileReference; fileEncoding = 4; lastKnownFileType = sourcecode.swift; path = UserDefaultsConstant.swift; sourceTree = "<group>"; };
		35748D99263EC3C80002DC21 /* SetteingsTVC.swift */ = {isa = PBXFileReference; lastKnownFileType = sourcecode.swift; path = SetteingsTVC.swift; sourceTree = "<group>"; };
		35748D9F263EDC480002DC21 /* ar */ = {isa = PBXFileReference; lastKnownFileType = file.storyboard; name = ar; path = ar.lproj/Doctor.storyboard; sourceTree = "<group>"; };
		35748DA3263EDD700002DC21 /* Base */ = {isa = PBXFileReference; lastKnownFileType = file.storyboard; name = Base; path = Base.lproj/Doctor.storyboard; sourceTree = "<group>"; };
		35748DA5263F20870002DC21 /* GeneralExtensions.swift */ = {isa = PBXFileReference; fileEncoding = 4; lastKnownFileType = sourcecode.swift; path = GeneralExtensions.swift; sourceTree = "<group>"; };
		35C5A11A2638741B00BDCA3A /* RecordMessage.storyboard */ = {isa = PBXFileReference; fileEncoding = 4; lastKnownFileType = file.storyboard; path = RecordMessage.storyboard; sourceTree = "<group>"; };
		5525756C1DB9CA2B98F4DCC0 /* Pods_Al_Areef.framework */ = {isa = PBXFileReference; explicitFileType = wrapper.framework; includeInIndex = 0; path = Pods_Al_Areef.framework; sourceTree = BUILT_PRODUCTS_DIR; };
		7912FA17264AAF000069DF0E /* HomeHeaderCell.swift */ = {isa = PBXFileReference; lastKnownFileType = sourcecode.swift; path = HomeHeaderCell.swift; sourceTree = "<group>"; };
		7912FA1B264AC0CD0069DF0E /* CartVC.swift */ = {isa = PBXFileReference; lastKnownFileType = sourcecode.swift; path = CartVC.swift; sourceTree = "<group>"; };
		7912FA20264AD4EF0069DF0E /* QuestionnaireFormVC.swift */ = {isa = PBXFileReference; lastKnownFileType = sourcecode.swift; path = QuestionnaireFormVC.swift; sourceTree = "<group>"; };
		7922408326499D2E0076E14C /* CalendarVC.swift */ = {isa = PBXFileReference; lastKnownFileType = sourcecode.swift; path = CalendarVC.swift; sourceTree = "<group>"; };
		7923A20B2645B0E600E14DE2 /* UserData.swift */ = {isa = PBXFileReference; lastKnownFileType = sourcecode.swift; path = UserData.swift; sourceTree = "<group>"; };
		7965F198264BF2170059DF36 /* StepSlider.h */ = {isa = PBXFileReference; fileEncoding = 4; lastKnownFileType = sourcecode.c.h; path = StepSlider.h; sourceTree = "<group>"; };
		7965F199264BF2170059DF36 /* StepSlider.m */ = {isa = PBXFileReference; fileEncoding = 4; lastKnownFileType = sourcecode.c.objc; path = StepSlider.m; sourceTree = "<group>"; };
		79692CCB262087880056FB00 /* UIColor + AI-Areef.swift */ = {isa = PBXFileReference; lastKnownFileType = sourcecode.swift; path = "UIColor + AI-Areef.swift"; sourceTree = "<group>"; };
		79692CD626208E0F0056FB00 /* LoginStepOneVC.swift */ = {isa = PBXFileReference; lastKnownFileType = sourcecode.swift; path = LoginStepOneVC.swift; sourceTree = "<group>"; };
		79692CDA26208E330056FB00 /* LonginVC.swift */ = {isa = PBXFileReference; lastKnownFileType = sourcecode.swift; path = LonginVC.swift; sourceTree = "<group>"; };
		79692CDE262094110056FB00 /* UIView + Al-Areef.swift */ = {isa = PBXFileReference; lastKnownFileType = sourcecode.swift; path = "UIView + Al-Areef.swift"; sourceTree = "<group>"; };
		79692CE1262097330056FB00 /* UILabel + Al-Areef.swift */ = {isa = PBXFileReference; lastKnownFileType = sourcecode.swift; path = "UILabel + Al-Areef.swift"; sourceTree = "<group>"; };
		79692CE526209D210056FB00 /* UITapGestureRecognizer + Al-Areef.swift */ = {isa = PBXFileReference; lastKnownFileType = sourcecode.swift; path = "UITapGestureRecognizer + Al-Areef.swift"; sourceTree = "<group>"; };
		79692CE82620A5020056FB00 /* UIViewController + Al-Areef.swift */ = {isa = PBXFileReference; lastKnownFileType = sourcecode.swift; path = "UIViewController + Al-Areef.swift"; sourceTree = "<group>"; };
		79692CEC2620A7D90056FB00 /* CustomerRegistrationVC.swift */ = {isa = PBXFileReference; lastKnownFileType = sourcecode.swift; path = CustomerRegistrationVC.swift; sourceTree = "<group>"; };
		79692CF02620A8150056FB00 /* SignUpVC.swift */ = {isa = PBXFileReference; lastKnownFileType = sourcecode.swift; path = SignUpVC.swift; sourceTree = "<group>"; };
		79692CF52620B96C0056FB00 /* SkyFloatingLabelTextFieldWithIcon.swift */ = {isa = PBXFileReference; fileEncoding = 4; lastKnownFileType = sourcecode.swift; path = SkyFloatingLabelTextFieldWithIcon.swift; sourceTree = "<group>"; };
		79692CF62620B96C0056FB00 /* SkyFloatingLabelTextField.swift */ = {isa = PBXFileReference; fileEncoding = 4; lastKnownFileType = sourcecode.swift; path = SkyFloatingLabelTextField.swift; sourceTree = "<group>"; };
		79692CF72620B96C0056FB00 /* UITextField+fixCaretPosition.swift */ = {isa = PBXFileReference; fileEncoding = 4; lastKnownFileType = sourcecode.swift; path = "UITextField+fixCaretPosition.swift"; sourceTree = "<group>"; };
		79692D002620BDD60056FB00 /* OTPVC.swift */ = {isa = PBXFileReference; lastKnownFileType = sourcecode.swift; path = OTPVC.swift; sourceTree = "<group>"; };
		79692D042620C3090056FB00 /* OTPView.swift */ = {isa = PBXFileReference; lastKnownFileType = sourcecode.swift; path = OTPView.swift; sourceTree = "<group>"; };
		79692D072620C37F0056FB00 /* String + AI-Areef.swift */ = {isa = PBXFileReference; lastKnownFileType = sourcecode.swift; path = "String + AI-Areef.swift"; sourceTree = "<group>"; };
		79692D0E2620D2B80056FB00 /* Storyboard + AI-Areef.swift */ = {isa = PBXFileReference; lastKnownFileType = sourcecode.swift; path = "Storyboard + AI-Areef.swift"; sourceTree = "<group>"; };
		79960D1026206FCD0094483C /* Al-Areef.app */ = {isa = PBXFileReference; explicitFileType = wrapper.application; includeInIndex = 0; path = "Al-Areef.app"; sourceTree = BUILT_PRODUCTS_DIR; };
		79960D1326206FCD0094483C /* AppDelegate.swift */ = {isa = PBXFileReference; lastKnownFileType = sourcecode.swift; path = AppDelegate.swift; sourceTree = "<group>"; };
		79960D1726206FCD0094483C /* SplashVC.swift */ = {isa = PBXFileReference; lastKnownFileType = sourcecode.swift; path = SplashVC.swift; sourceTree = "<group>"; };
		79960D1A26206FCD0094483C /* Base */ = {isa = PBXFileReference; lastKnownFileType = file.storyboard; name = Base; path = Base.lproj/Main.storyboard; sourceTree = "<group>"; };
		79960D1F26206FCE0094483C /* Base */ = {isa = PBXFileReference; lastKnownFileType = file.storyboard; name = Base; path = Base.lproj/LaunchScreen.storyboard; sourceTree = "<group>"; };
		79960D2126206FCE0094483C /* Info.plist */ = {isa = PBXFileReference; lastKnownFileType = text.plist.xml; path = Info.plist; sourceTree = "<group>"; };
		79B42DAF263FEBF1007252ED /* CompanyRegistrationOneVC.swift */ = {isa = PBXFileReference; fileEncoding = 4; lastKnownFileType = sourcecode.swift; path = CompanyRegistrationOneVC.swift; sourceTree = "<group>"; };
		79B42DB1263FEBF1007252ED /* SelectPlanVC.swift */ = {isa = PBXFileReference; fileEncoding = 4; lastKnownFileType = sourcecode.swift; path = SelectPlanVC.swift; sourceTree = "<group>"; };
		79B42DB3263FEBF1007252ED /* CompanyRegistrationTwoVC.swift */ = {isa = PBXFileReference; fileEncoding = 4; lastKnownFileType = sourcecode.swift; path = CompanyRegistrationTwoVC.swift; sourceTree = "<group>"; };
		79B42DB8263FEC11007252ED /* Company.storyboard */ = {isa = PBXFileReference; fileEncoding = 4; lastKnownFileType = file.storyboard; path = Company.storyboard; sourceTree = "<group>"; };
		79B42DCD263FEE6C007252ED /* NSAttributedString + AI-Areef.swift */ = {isa = PBXFileReference; fileEncoding = 4; lastKnownFileType = sourcecode.swift; path = "NSAttributedString + AI-Areef.swift"; sourceTree = "<group>"; };
		79B42DD9263FF338007252ED /* Assets.xcassets */ = {isa = PBXFileReference; lastKnownFileType = folder.assetcatalog; path = Assets.xcassets; sourceTree = "<group>"; };
		79B42DDF263FF375007252ED /* MakePaymentVC.swift */ = {isa = PBXFileReference; fileEncoding = 4; lastKnownFileType = sourcecode.swift; path = MakePaymentVC.swift; sourceTree = "<group>"; };
		79B42DE1263FF375007252ED /* ConsultantDetailsVC.swift */ = {isa = PBXFileReference; fileEncoding = 4; lastKnownFileType = sourcecode.swift; path = ConsultantDetailsVC.swift; sourceTree = "<group>"; };
		79B42DE3263FF375007252ED /* WriteMessageVC.swift */ = {isa = PBXFileReference; fileEncoding = 4; lastKnownFileType = sourcecode.swift; path = WriteMessageVC.swift; sourceTree = "<group>"; };
		79B42DE5263FF375007252ED /* AnswerQuestionsVC.swift */ = {isa = PBXFileReference; fileEncoding = 4; lastKnownFileType = sourcecode.swift; path = AnswerQuestionsVC.swift; sourceTree = "<group>"; };
		79B42DE7263FF375007252ED /* AnswerQuestionsTextViewCell.swift */ = {isa = PBXFileReference; fileEncoding = 4; lastKnownFileType = sourcecode.swift; path = AnswerQuestionsTextViewCell.swift; sourceTree = "<group>"; };
		79B42DE8263FF375007252ED /* AnswerQuestionsCell.swift */ = {isa = PBXFileReference; fileEncoding = 4; lastKnownFileType = sourcecode.swift; path = AnswerQuestionsCell.swift; sourceTree = "<group>"; };
		79B42DEA263FF375007252ED /* ConsultingTypeVC.swift */ = {isa = PBXFileReference; fileEncoding = 4; lastKnownFileType = sourcecode.swift; path = ConsultingTypeVC.swift; sourceTree = "<group>"; };
		79B42DEC263FF375007252ED /* ConsultingTypeCell.swift */ = {isa = PBXFileReference; fileEncoding = 4; lastKnownFileType = sourcecode.swift; path = ConsultingTypeCell.swift; sourceTree = "<group>"; };
		79B42DEF263FF375007252ED /* MyAppointmentCell.swift */ = {isa = PBXFileReference; fileEncoding = 4; lastKnownFileType = sourcecode.swift; path = MyAppointmentCell.swift; sourceTree = "<group>"; };
		79B42DF0263FF375007252ED /* MyAppointmentVC.swift */ = {isa = PBXFileReference; fileEncoding = 4; lastKnownFileType = sourcecode.swift; path = MyAppointmentVC.swift; sourceTree = "<group>"; };
		79B42DF2263FF375007252ED /* ConsultingPersonalVC.swift */ = {isa = PBXFileReference; fileEncoding = 4; lastKnownFileType = sourcecode.swift; path = ConsultingPersonalVC.swift; sourceTree = "<group>"; };
		79B42DF4263FF375007252ED /* ConsultingPersonalCell.swift */ = {isa = PBXFileReference; fileEncoding = 4; lastKnownFileType = sourcecode.swift; path = ConsultingPersonalCell.swift; sourceTree = "<group>"; };
		79B42DF6263FF375007252ED /* RecordReviewVC.swift */ = {isa = PBXFileReference; fileEncoding = 4; lastKnownFileType = sourcecode.swift; path = RecordReviewVC.swift; sourceTree = "<group>"; };
		79B42DF8263FF375007252ED /* AppointmentReservationVC.swift */ = {isa = PBXFileReference; fileEncoding = 4; lastKnownFileType = sourcecode.swift; path = AppointmentReservationVC.swift; sourceTree = "<group>"; };
		79B42DFA263FF375007252ED /* MapVC.swift */ = {isa = PBXFileReference; fileEncoding = 4; lastKnownFileType = sourcecode.swift; path = MapVC.swift; sourceTree = "<group>"; };
		79B42DFC263FF375007252ED /* PaymentSuccessPopupVC.swift */ = {isa = PBXFileReference; fileEncoding = 4; lastKnownFileType = sourcecode.swift; path = PaymentSuccessPopupVC.swift; sourceTree = "<group>"; };
		79B42DFE263FF375007252ED /* RecordMessageVC.swift */ = {isa = PBXFileReference; fileEncoding = 4; lastKnownFileType = sourcecode.swift; path = RecordMessageVC.swift; sourceTree = "<group>"; };
		79B42DFF263FF375007252ED /* RecordDoneVC.swift */ = {isa = PBXFileReference; fileEncoding = 4; lastKnownFileType = sourcecode.swift; path = RecordDoneVC.swift; sourceTree = "<group>"; };
		79B42E02263FF375007252ED /* ChooseDurationCell.swift */ = {isa = PBXFileReference; fileEncoding = 4; lastKnownFileType = sourcecode.swift; path = ChooseDurationCell.swift; sourceTree = "<group>"; };
		79B42E03263FF375007252ED /* ChooseDurationHeaderCell.swift */ = {isa = PBXFileReference; fileEncoding = 4; lastKnownFileType = sourcecode.swift; path = ChooseDurationHeaderCell.swift; sourceTree = "<group>"; };
		79B42E04263FF375007252ED /* ChooseDurationFooterCell.swift */ = {isa = PBXFileReference; fileEncoding = 4; lastKnownFileType = sourcecode.swift; path = ChooseDurationFooterCell.swift; sourceTree = "<group>"; };
		79B42E05263FF375007252ED /* ChooseDurationVC.swift */ = {isa = PBXFileReference; fileEncoding = 4; lastKnownFileType = sourcecode.swift; path = ChooseDurationVC.swift; sourceTree = "<group>"; };
		79B42E07263FF375007252ED /* ConsultingDurationVC.swift */ = {isa = PBXFileReference; fileEncoding = 4; lastKnownFileType = sourcecode.swift; path = ConsultingDurationVC.swift; sourceTree = "<group>"; };
		79B42E09263FF375007252ED /* ConsultingListVC.swift */ = {isa = PBXFileReference; fileEncoding = 4; lastKnownFileType = sourcecode.swift; path = ConsultingListVC.swift; sourceTree = "<group>"; };
		79B42E0B263FF375007252ED /* ConsultingListHeaderCell.swift */ = {isa = PBXFileReference; fileEncoding = 4; lastKnownFileType = sourcecode.swift; path = ConsultingListHeaderCell.swift; sourceTree = "<group>"; };
		79B42E0C263FF375007252ED /* ConsultingListCell.swift */ = {isa = PBXFileReference; fileEncoding = 4; lastKnownFileType = sourcecode.swift; path = ConsultingListCell.swift; sourceTree = "<group>"; };
		79CBD8CE262460F000CB0FC9 /* InfoSliderVC.swift */ = {isa = PBXFileReference; lastKnownFileType = sourcecode.swift; path = InfoSliderVC.swift; sourceTree = "<group>"; };
		79CBD8EB262466D200CB0FC9 /* InfoSliderCell.swift */ = {isa = PBXFileReference; lastKnownFileType = sourcecode.swift; path = InfoSliderCell.swift; sourceTree = "<group>"; };
		79CBD8EF26247F4800CB0FC9 /* RegistrationStepOneVC.swift */ = {isa = PBXFileReference; lastKnownFileType = sourcecode.swift; path = RegistrationStepOneVC.swift; sourceTree = "<group>"; };
		79CBD8F2262486BC00CB0FC9 /* RegistrationStepTwoVC.swift */ = {isa = PBXFileReference; lastKnownFileType = sourcecode.swift; path = RegistrationStepTwoVC.swift; sourceTree = "<group>"; };
		79CBD8F52624961300CB0FC9 /* UIImage + AI-Areef.swift */ = {isa = PBXFileReference; lastKnownFileType = sourcecode.swift; path = "UIImage + AI-Areef.swift"; sourceTree = "<group>"; };
		79CBD8F82624A13000CB0FC9 /* CreateDoctorProfileVC.swift */ = {isa = PBXFileReference; lastKnownFileType = sourcecode.swift; path = CreateDoctorProfileVC.swift; sourceTree = "<group>"; };
		79CBD8FF2624B8C100CB0FC9 /* AcademicQualificationVC.swift */ = {isa = PBXFileReference; lastKnownFileType = sourcecode.swift; path = AcademicQualificationVC.swift; sourceTree = "<group>"; };
		79CBD9032624B8D000CB0FC9 /* WorkExperienceVC.swift */ = {isa = PBXFileReference; lastKnownFileType = sourcecode.swift; path = WorkExperienceVC.swift; sourceTree = "<group>"; };
		79CBD9062624B8E000CB0FC9 /* ConsultantProfileVC.swift */ = {isa = PBXFileReference; lastKnownFileType = sourcecode.swift; path = ConsultantProfileVC.swift; sourceTree = "<group>"; };
		79D98B002634454C003B511B /* PlaceholderTextView.swift */ = {isa = PBXFileReference; lastKnownFileType = sourcecode.swift; path = PlaceholderTextView.swift; sourceTree = "<group>"; };
		79ED2D8F2646BCEC001F6A1E /* Base */ = {isa = PBXFileReference; lastKnownFileType = file.storyboard; name = Base; path = Base.lproj/DashBoardCustomer.storyboard; sourceTree = "<group>"; };
		79ED2D932646BCF1001F6A1E /* en */ = {isa = PBXFileReference; lastKnownFileType = text.plist.strings; name = en; path = en.lproj/DashBoardCustomer.strings; sourceTree = "<group>"; };
		79ED2D952646BD29001F6A1E /* ar */ = {isa = PBXFileReference; lastKnownFileType = text.plist.strings; name = ar; path = ar.lproj/DashBoardCustomer.strings; sourceTree = "<group>"; };
		79ED2D972646D837001F6A1E /* Al-Areef.entitlements */ = {isa = PBXFileReference; lastKnownFileType = text.plist.entitlements; path = "Al-Areef.entitlements"; sourceTree = "<group>"; };
		FE55281E7FF829D10990383A /* Pods-Al-Areef.debug.xcconfig */ = {isa = PBXFileReference; includeInIndex = 1; lastKnownFileType = text.xcconfig; name = "Pods-Al-Areef.debug.xcconfig"; path = "Target Support Files/Pods-Al-Areef/Pods-Al-Areef.debug.xcconfig"; sourceTree = "<group>"; };
/* End PBXFileReference section */

/* Begin PBXFrameworksBuildPhase section */
		79960D0D26206FCD0094483C /* Frameworks */ = {
			isa = PBXFrameworksBuildPhase;
			buildActionMask = 2147483647;
			files = (
				A05B53B8A5E85D9023A390BD /* Pods_Al_Areef.framework in Frameworks */,
			);
			runOnlyForDeploymentPostprocessing = 0;
		};
/* End PBXFrameworksBuildPhase section */

/* Begin PBXGroup section */
		09F4FFA539202C5C07D9A7DC /* Frameworks */ = {
			isa = PBXGroup;
			children = (
				5525756C1DB9CA2B98F4DCC0 /* Pods_Al_Areef.framework */,
			);
			name = Frameworks;
			sourceTree = "<group>";
		};
		353B6ABC263099BF00FAC433 /* LanguageChange */ = {
			isa = PBXGroup;
			children = (
				355CCEE02630BCE300FE22E0 /* Localizable.swift */,
				355CCEDF2630BCE300FE22E0 /* LocalizationSystem.swift */,
				353B6ABD263099F900FAC433 /* AppChangeLanguage.swift */,
				355CCEFC2630C7A900FE22E0 /* Localizable.strings */,
			);
			path = LanguageChange;
			sourceTree = "<group>";
		};
		35703DAF2621BC7800D4F260 /* Storyboard */ = {
			isa = PBXGroup;
			children = (
				79ED2D902646BCEC001F6A1E /* DashBoardCustomer.storyboard */,
				79B42DB8263FEC11007252ED /* Company.storyboard */,
				79960D1926206FCD0094483C /* Main.storyboard */,
				353B6AE12630B2C500FAC433 /* Customer.storyboard */,
				35703DE52621FBFB00D4F260 /* ProfileTab.storyboard */,
				35703DE82621FC4700D4F260 /* CalendarTab.storyboard */,
				35748D9E263EDC480002DC21 /* Doctor.storyboard */,
				35703DEB2621FC9500D4F260 /* SettingTab.storyboard */,
				35C5A11A2638741B00BDCA3A /* RecordMessage.storyboard */,
			);
			path = Storyboard;
			sourceTree = "<group>";
		};
		35703DB42621C85A00D4F260 /* Font */ = {
			isa = PBXGroup;
			children = (
				35703DB62621C88F00D4F260 /* Poppins-Bold.ttf */,
				35703DB72621C88F00D4F260 /* Poppins-Light.ttf */,
				35703DB92621C89000D4F260 /* Poppins-Medium.ttf */,
				35703DC22621E2D900D4F260 /* Khebrat Musamim 2018 Regular.ttf */,
				35703DB82621C88F00D4F260 /* Poppins-Regular.ttf */,
				35703DB52621C88F00D4F260 /* Poppins-SemiBold.ttf */,
				35703DBA2621C89000D4F260 /* Poppins-Thin.ttf */,
			);
			path = Font;
			sourceTree = "<group>";
		};
		35703DC52621F0A200D4F260 /* Dashboard_CustVC */ = {
			isa = PBXGroup;
			children = (
				35703DC92621F14D00D4F260 /* Cell */,
				35703DC62621F0D300D4F260 /* DasBoardCustViewController.swift */,
			);
			path = Dashboard_CustVC;
			sourceTree = "<group>";
		};
		35703DC92621F14D00D4F260 /* Cell */ = {
			isa = PBXGroup;
			children = (
				35703DCB2621F17300D4F260 /* DashBoardTableViewCell.swift */,
				7912FA17264AAF000069DF0E /* HomeHeaderCell.swift */,
			);
			path = Cell;
			sourceTree = "<group>";
		};
		35703DD82621FB4900D4F260 /* CalendarTab */ = {
			isa = PBXGroup;
			children = (
				35703DE22621FBE200D4F260 /* CalendarTabVC.swift */,
			);
			path = CalendarTab;
			sourceTree = "<group>";
		};
		35703DD92621FB5700D4F260 /* ProfileTab */ = {
			isa = PBXGroup;
			children = (
				35703DDE2621FBB800D4F260 /* ProfilleTabVC.swift */,
			);
			path = ProfileTab;
			sourceTree = "<group>";
		};
		35703DDA2621FB6B00D4F260 /* SettingTab */ = {
			isa = PBXGroup;
			children = (
				35748D98263EC39B0002DC21 /* Cell */,
				35703DDB2621FB9400D4F260 /* SettingTabVC.swift */,
			);
			path = SettingTab;
			sourceTree = "<group>";
		};
		35748D6A263E32930002DC21 /* Network */ = {
			isa = PBXGroup;
			children = (
				35748D81263E36220002DC21 /* Reachability.swift */,
				35748D74263E35430002DC21 /* ApiCall.swift */,
				35748D84263E36CE0002DC21 /* Utility.swift */,
				35748D87263E38130002DC21 /* AppUtility.swift */,
				35748D73263E35430002DC21 /* WSRequest.swift */,
			);
			path = Network;
			sourceTree = "<group>";
		};
		35748D8A263E39070002DC21 /* Constant */ = {
			isa = PBXGroup;
			children = (
				35748DA5263F20870002DC21 /* GeneralExtensions.swift */,
				35748D8B263E392A0002DC21 /* UserDefaultsConstant.swift */,
			);
			path = Constant;
			sourceTree = "<group>";
		};
		35748D98263EC39B0002DC21 /* Cell */ = {
			isa = PBXGroup;
			children = (
				35748D99263EC3C80002DC21 /* SetteingsTVC.swift */,
			);
			path = Cell;
			sourceTree = "<group>";
		};
		7912FA1A264AC0B90069DF0E /* CartVC */ = {
			isa = PBXGroup;
			children = (
				7912FA1B264AC0CD0069DF0E /* CartVC.swift */,
			);
			path = CartVC;
			sourceTree = "<group>";
		};
		7912FA1F264AD4D40069DF0E /* QuestionnaireFormVC */ = {
			isa = PBXGroup;
			children = (
				7912FA20264AD4EF0069DF0E /* QuestionnaireFormVC.swift */,
			);
			path = QuestionnaireFormVC;
			sourceTree = "<group>";
		};
		7922408226499D110076E14C /* CalenderVC */ = {
			isa = PBXGroup;
			children = (
				7922408326499D2E0076E14C /* CalendarVC.swift */,
			);
			path = CalenderVC;
			sourceTree = "<group>";
		};
		7965F196264BF2170059DF36 /* StepSlider */ = {
			isa = PBXGroup;
			children = (
				7965F197264BF2170059DF36 /* include */,
				7965F199264BF2170059DF36 /* StepSlider.m */,
			);
			path = StepSlider;
			sourceTree = "<group>";
		};
		7965F197264BF2170059DF36 /* include */ = {
			isa = PBXGroup;
			children = (
				7965F198264BF2170059DF36 /* StepSlider.h */,
			);
			path = include;
			sourceTree = "<group>";
		};
		79692CC7262086850056FB00 /* Controller */ = {
			isa = PBXGroup;
			children = (
				79B42DDD263FF375007252ED /* Customer */,
				79B42DAD263FEBF1007252ED /* Company */,
				79CBD8BB26244A7F00CB0FC9 /* Doctor */,
				35703DDA2621FB6B00D4F260 /* SettingTab */,
				35703DD92621FB5700D4F260 /* ProfileTab */,
				35703DD82621FB4900D4F260 /* CalendarTab */,
				35703DCF2621F5B500D4F260 /* UtechTab_UTC.swift */,
				35703DC52621F0A200D4F260 /* Dashboard_CustVC */,
				79692CFE2620BDB40056FB00 /* OTPVC */,
				79692CEF2620A7E40056FB00 /* SignUpVC */,
				79692CEB2620A7830056FB00 /* CustomerRegistrationVC */,
				79692CC82620868D0056FB00 /* SplashVC */,
				79692CD526208DF20056FB00 /* LoginStepOneVC */,
				79692CD426208DD80056FB00 /* LonginVC */,
			);
			path = Controller;
			sourceTree = "<group>";
		};
		79692CC82620868D0056FB00 /* SplashVC */ = {
			isa = PBXGroup;
			children = (
				79960D1726206FCD0094483C /* SplashVC.swift */,
			);
			path = SplashVC;
			sourceTree = "<group>";
		};
		79692CC9262087460056FB00 /* Helper */ = {
			isa = PBXGroup;
			children = (
				7965F196264BF2170059DF36 /* StepSlider */,
				353B6ABC263099BF00FAC433 /* LanguageChange */,
				79692CCF26208C510056FB00 /* Libraries */,
				79692CCA262087630056FB00 /* Extensions */,
				7923A20B2645B0E600E14DE2 /* UserData.swift */,
			);
			path = Helper;
			sourceTree = "<group>";
		};
		79692CCA262087630056FB00 /* Extensions */ = {
			isa = PBXGroup;
			children = (
				79B42DCD263FEE6C007252ED /* NSAttributedString + AI-Areef.swift */,
				79692CCB262087880056FB00 /* UIColor + AI-Areef.swift */,
				79692CDE262094110056FB00 /* UIView + Al-Areef.swift */,
				79692CE1262097330056FB00 /* UILabel + Al-Areef.swift */,
				79692CE526209D210056FB00 /* UITapGestureRecognizer + Al-Areef.swift */,
				79692CE82620A5020056FB00 /* UIViewController + Al-Areef.swift */,
				79692D072620C37F0056FB00 /* String + AI-Areef.swift */,
				79692D0E2620D2B80056FB00 /* Storyboard + AI-Areef.swift */,
				79CBD8F52624961300CB0FC9 /* UIImage + AI-Areef.swift */,
			);
			path = Extensions;
			sourceTree = "<group>";
		};
		79692CCF26208C510056FB00 /* Libraries */ = {
			isa = PBXGroup;
			children = (
				79692CF42620B9560056FB00 /* SkyFloatingLabelTextField */,
				79D98B002634454C003B511B /* PlaceholderTextView.swift */,
			);
			path = Libraries;
			sourceTree = "<group>";
		};
		79692CD426208DD80056FB00 /* LonginVC */ = {
			isa = PBXGroup;
			children = (
				79692CDA26208E330056FB00 /* LonginVC.swift */,
			);
			path = LonginVC;
			sourceTree = "<group>";
		};
		79692CD526208DF20056FB00 /* LoginStepOneVC */ = {
			isa = PBXGroup;
			children = (
				79692CD626208E0F0056FB00 /* LoginStepOneVC.swift */,
			);
			path = LoginStepOneVC;
			sourceTree = "<group>";
		};
		79692CEB2620A7830056FB00 /* CustomerRegistrationVC */ = {
			isa = PBXGroup;
			children = (
				79692CEC2620A7D90056FB00 /* CustomerRegistrationVC.swift */,
			);
			path = CustomerRegistrationVC;
			sourceTree = "<group>";
		};
		79692CEF2620A7E40056FB00 /* SignUpVC */ = {
			isa = PBXGroup;
			children = (
				79692CF02620A8150056FB00 /* SignUpVC.swift */,
			);
			path = SignUpVC;
			sourceTree = "<group>";
		};
		79692CF42620B9560056FB00 /* SkyFloatingLabelTextField */ = {
			isa = PBXGroup;
			children = (
				79692CF62620B96C0056FB00 /* SkyFloatingLabelTextField.swift */,
				79692CF52620B96C0056FB00 /* SkyFloatingLabelTextFieldWithIcon.swift */,
				79692CF72620B96C0056FB00 /* UITextField+fixCaretPosition.swift */,
			);
			path = SkyFloatingLabelTextField;
			sourceTree = "<group>";
		};
		79692CFE2620BDB40056FB00 /* OTPVC */ = {
			isa = PBXGroup;
			children = (
				79692D002620BDD60056FB00 /* OTPVC.swift */,
				79692D042620C3090056FB00 /* OTPView.swift */,
			);
			path = OTPVC;
			sourceTree = "<group>";
		};
		79960D0726206FCD0094483C = {
			isa = PBXGroup;
			children = (
				79960D1226206FCD0094483C /* Al-Areef */,
				79960D1126206FCD0094483C /* Products */,
				A488DAB8478AD1141A93677B /* Pods */,
				09F4FFA539202C5C07D9A7DC /* Frameworks */,
			);
			sourceTree = "<group>";
		};
		79960D1126206FCD0094483C /* Products */ = {
			isa = PBXGroup;
			children = (
				79960D1026206FCD0094483C /* Al-Areef.app */,
			);
			name = Products;
			sourceTree = "<group>";
		};
		79960D1226206FCD0094483C /* Al-Areef */ = {
			isa = PBXGroup;
			children = (
				79ED2D972646D837001F6A1E /* Al-Areef.entitlements */,
				35748D8A263E39070002DC21 /* Constant */,
				35748D6A263E32930002DC21 /* Network */,
				35703DB42621C85A00D4F260 /* Font */,
				35703DAF2621BC7800D4F260 /* Storyboard */,
				79692CC9262087460056FB00 /* Helper */,
				79692CC7262086850056FB00 /* Controller */,
				79960D1326206FCD0094483C /* AppDelegate.swift */,
				79960D1E26206FCE0094483C /* LaunchScreen.storyboard */,
				79960D2126206FCE0094483C /* Info.plist */,
				79B42DD9263FF338007252ED /* Assets.xcassets */,
			);
			path = "Al-Areef";
			sourceTree = "<group>";
		};
		79B42DAD263FEBF1007252ED /* Company */ = {
			isa = PBXGroup;
			children = (
				79B42DAE263FEBF1007252ED /* CompanyRegistrationOneVC */,
				79B42DB0263FEBF1007252ED /* SelectPlanVC */,
				79B42DB2263FEBF1007252ED /* CompanyRegistrationTwoVC */,
			);
			path = Company;
			sourceTree = "<group>";
		};
		79B42DAE263FEBF1007252ED /* CompanyRegistrationOneVC */ = {
			isa = PBXGroup;
			children = (
				79B42DAF263FEBF1007252ED /* CompanyRegistrationOneVC.swift */,
			);
			path = CompanyRegistrationOneVC;
			sourceTree = "<group>";
		};
		79B42DB0263FEBF1007252ED /* SelectPlanVC */ = {
			isa = PBXGroup;
			children = (
				79B42DB1263FEBF1007252ED /* SelectPlanVC.swift */,
			);
			path = SelectPlanVC;
			sourceTree = "<group>";
		};
		79B42DB2263FEBF1007252ED /* CompanyRegistrationTwoVC */ = {
			isa = PBXGroup;
			children = (
				79B42DB3263FEBF1007252ED /* CompanyRegistrationTwoVC.swift */,
			);
			path = CompanyRegistrationTwoVC;
			sourceTree = "<group>";
		};
		79B42DDD263FF375007252ED /* Customer */ = {
			isa = PBXGroup;
			children = (
				7912FA1F264AD4D40069DF0E /* QuestionnaireFormVC */,
				7912FA1A264AC0B90069DF0E /* CartVC */,
				7922408226499D110076E14C /* CalenderVC */,
				79B42DDE263FF375007252ED /* MakePaymentVC */,
				79B42DE0263FF375007252ED /* ConsultantDetailsVC */,
				79B42DE2263FF375007252ED /* WriteMessageVC */,
				79B42DE4263FF375007252ED /* AnswerQuestionsVC */,
				79B42DE9263FF375007252ED /* ConsultingTypeVC */,
				79B42DED263FF375007252ED /* MyAppointmentVC */,
				79B42DF1263FF375007252ED /* ConsultingPersonalVC */,
				79B42DF5263FF375007252ED /* ReviewRecordMessage */,
				79B42DF7263FF375007252ED /* AppointmentReservationVC */,
				79B42DF9263FF375007252ED /* MapVC */,
				79B42DFB263FF375007252ED /* PaymentSuccessPopupVC */,
				79B42DFD263FF375007252ED /* RecordMessageVC */,
				79B42E00263FF375007252ED /* ChooseDurationVC */,
				79B42E06263FF375007252ED /* ConsultingDurationVC */,
				79B42E08263FF375007252ED /* ConsultingListVC */,
			);
			path = Customer;
			sourceTree = "<group>";
		};
		79B42DDE263FF375007252ED /* MakePaymentVC */ = {
			isa = PBXGroup;
			children = (
				79B42DDF263FF375007252ED /* MakePaymentVC.swift */,
			);
			path = MakePaymentVC;
			sourceTree = "<group>";
		};
		79B42DE0263FF375007252ED /* ConsultantDetailsVC */ = {
			isa = PBXGroup;
			children = (
				79B42DE1263FF375007252ED /* ConsultantDetailsVC.swift */,
			);
			path = ConsultantDetailsVC;
			sourceTree = "<group>";
		};
		79B42DE2263FF375007252ED /* WriteMessageVC */ = {
			isa = PBXGroup;
			children = (
				79B42DE3263FF375007252ED /* WriteMessageVC.swift */,
			);
			path = WriteMessageVC;
			sourceTree = "<group>";
		};
		79B42DE4263FF375007252ED /* AnswerQuestionsVC */ = {
			isa = PBXGroup;
			children = (
				79B42DE5263FF375007252ED /* AnswerQuestionsVC.swift */,
				79B42DE6263FF375007252ED /* View */,
			);
			path = AnswerQuestionsVC;
			sourceTree = "<group>";
		};
		79B42DE6263FF375007252ED /* View */ = {
			isa = PBXGroup;
			children = (
				79B42DE7263FF375007252ED /* AnswerQuestionsTextViewCell.swift */,
				79B42DE8263FF375007252ED /* AnswerQuestionsCell.swift */,
			);
			path = View;
			sourceTree = "<group>";
		};
		79B42DE9263FF375007252ED /* ConsultingTypeVC */ = {
			isa = PBXGroup;
			children = (
				79B42DEA263FF375007252ED /* ConsultingTypeVC.swift */,
				79B42DEB263FF375007252ED /* View */,
			);
			path = ConsultingTypeVC;
			sourceTree = "<group>";
		};
		79B42DEB263FF375007252ED /* View */ = {
			isa = PBXGroup;
			children = (
				79B42DEC263FF375007252ED /* ConsultingTypeCell.swift */,
			);
			path = View;
			sourceTree = "<group>";
		};
		79B42DED263FF375007252ED /* MyAppointmentVC */ = {
			isa = PBXGroup;
			children = (
				79B42DEE263FF375007252ED /* View */,
				79B42DF0263FF375007252ED /* MyAppointmentVC.swift */,
			);
			path = MyAppointmentVC;
			sourceTree = "<group>";
		};
		79B42DEE263FF375007252ED /* View */ = {
			isa = PBXGroup;
			children = (
				79B42DEF263FF375007252ED /* MyAppointmentCell.swift */,
			);
			path = View;
			sourceTree = "<group>";
		};
		79B42DF1263FF375007252ED /* ConsultingPersonalVC */ = {
			isa = PBXGroup;
			children = (
				79B42DF2263FF375007252ED /* ConsultingPersonalVC.swift */,
				79B42DF3263FF375007252ED /* View */,
			);
			path = ConsultingPersonalVC;
			sourceTree = "<group>";
		};
		79B42DF3263FF375007252ED /* View */ = {
			isa = PBXGroup;
			children = (
				79B42DF4263FF375007252ED /* ConsultingPersonalCell.swift */,
			);
			path = View;
			sourceTree = "<group>";
		};
		79B42DF5263FF375007252ED /* ReviewRecordMessage */ = {
			isa = PBXGroup;
			children = (
				79B42DF6263FF375007252ED /* RecordReviewVC.swift */,
			);
			path = ReviewRecordMessage;
			sourceTree = "<group>";
		};
		79B42DF7263FF375007252ED /* AppointmentReservationVC */ = {
			isa = PBXGroup;
			children = (
				79B42DF8263FF375007252ED /* AppointmentReservationVC.swift */,
			);
			path = AppointmentReservationVC;
			sourceTree = "<group>";
		};
		79B42DF9263FF375007252ED /* MapVC */ = {
			isa = PBXGroup;
			children = (
				79B42DFA263FF375007252ED /* MapVC.swift */,
			);
			path = MapVC;
			sourceTree = "<group>";
		};
		79B42DFB263FF375007252ED /* PaymentSuccessPopupVC */ = {
			isa = PBXGroup;
			children = (
				79B42DFC263FF375007252ED /* PaymentSuccessPopupVC.swift */,
			);
			path = PaymentSuccessPopupVC;
			sourceTree = "<group>";
		};
		79B42DFD263FF375007252ED /* RecordMessageVC */ = {
			isa = PBXGroup;
			children = (
				79B42DFE263FF375007252ED /* RecordMessageVC.swift */,
				79B42DFF263FF375007252ED /* RecordDoneVC.swift */,
			);
			path = RecordMessageVC;
			sourceTree = "<group>";
		};
		79B42E00263FF375007252ED /* ChooseDurationVC */ = {
			isa = PBXGroup;
			children = (
				79B42E01263FF375007252ED /* View */,
				79B42E05263FF375007252ED /* ChooseDurationVC.swift */,
			);
			path = ChooseDurationVC;
			sourceTree = "<group>";
		};
		79B42E01263FF375007252ED /* View */ = {
			isa = PBXGroup;
			children = (
				79B42E02263FF375007252ED /* ChooseDurationCell.swift */,
				79B42E03263FF375007252ED /* ChooseDurationHeaderCell.swift */,
				79B42E04263FF375007252ED /* ChooseDurationFooterCell.swift */,
			);
			path = View;
			sourceTree = "<group>";
		};
		79B42E06263FF375007252ED /* ConsultingDurationVC */ = {
			isa = PBXGroup;
			children = (
				79B42E07263FF375007252ED /* ConsultingDurationVC.swift */,
			);
			path = ConsultingDurationVC;
			sourceTree = "<group>";
		};
		79B42E08263FF375007252ED /* ConsultingListVC */ = {
			isa = PBXGroup;
			children = (
				79B42E09263FF375007252ED /* ConsultingListVC.swift */,
				79B42E0A263FF375007252ED /* View */,
			);
			path = ConsultingListVC;
			sourceTree = "<group>";
		};
		79B42E0A263FF375007252ED /* View */ = {
			isa = PBXGroup;
			children = (
				79B42E0B263FF375007252ED /* ConsultingListHeaderCell.swift */,
				79B42E0C263FF375007252ED /* ConsultingListCell.swift */,
			);
			path = View;
			sourceTree = "<group>";
		};
		79CBD8BB26244A7F00CB0FC9 /* Doctor */ = {
			isa = PBXGroup;
			children = (
				79CBD8FE2624B80A00CB0FC9 /* ConsultantProfileVC */,
				79CBD8FD2624B7F700CB0FC9 /* WorkExperienceVC */,
				79CBD8FC2624B7BC00CB0FC9 /* AcademicQualificationVC */,
				79CBD8C52624606600CB0FC9 /* InfoSliderVC */,
				79CBD8BF26244ACF00CB0FC9 /* CreateDoctorProfileVC */,
				79CBD8BE26244AB000CB0FC9 /* RegistrationStepTwoVC */,
				79CBD8BC26244A8600CB0FC9 /* RegistrationStepOneVC */,
			);
			path = Doctor;
			sourceTree = "<group>";
		};
		79CBD8BC26244A8600CB0FC9 /* RegistrationStepOneVC */ = {
			isa = PBXGroup;
			children = (
				79CBD8EF26247F4800CB0FC9 /* RegistrationStepOneVC.swift */,
			);
			path = RegistrationStepOneVC;
			sourceTree = "<group>";
		};
		79CBD8BE26244AB000CB0FC9 /* RegistrationStepTwoVC */ = {
			isa = PBXGroup;
			children = (
				79CBD8F2262486BC00CB0FC9 /* RegistrationStepTwoVC.swift */,
			);
			path = RegistrationStepTwoVC;
			sourceTree = "<group>";
		};
		79CBD8BF26244ACF00CB0FC9 /* CreateDoctorProfileVC */ = {
			isa = PBXGroup;
			children = (
				79CBD8F82624A13000CB0FC9 /* CreateDoctorProfileVC.swift */,
			);
			path = CreateDoctorProfileVC;
			sourceTree = "<group>";
		};
		79CBD8C52624606600CB0FC9 /* InfoSliderVC */ = {
			isa = PBXGroup;
			children = (
				79CBD8EA262466B800CB0FC9 /* View */,
				79CBD8CE262460F000CB0FC9 /* InfoSliderVC.swift */,
			);
			path = InfoSliderVC;
			sourceTree = "<group>";
		};
		79CBD8EA262466B800CB0FC9 /* View */ = {
			isa = PBXGroup;
			children = (
				79CBD8EB262466D200CB0FC9 /* InfoSliderCell.swift */,
			);
			path = View;
			sourceTree = "<group>";
		};
		79CBD8FC2624B7BC00CB0FC9 /* AcademicQualificationVC */ = {
			isa = PBXGroup;
			children = (
				79CBD8FF2624B8C100CB0FC9 /* AcademicQualificationVC.swift */,
			);
			path = AcademicQualificationVC;
			sourceTree = "<group>";
		};
		79CBD8FD2624B7F700CB0FC9 /* WorkExperienceVC */ = {
			isa = PBXGroup;
			children = (
				79CBD9032624B8D000CB0FC9 /* WorkExperienceVC.swift */,
			);
			path = WorkExperienceVC;
			sourceTree = "<group>";
		};
		79CBD8FE2624B80A00CB0FC9 /* ConsultantProfileVC */ = {
			isa = PBXGroup;
			children = (
				79CBD9062624B8E000CB0FC9 /* ConsultantProfileVC.swift */,
			);
			path = ConsultantProfileVC;
			sourceTree = "<group>";
		};
		A488DAB8478AD1141A93677B /* Pods */ = {
			isa = PBXGroup;
			children = (
				FE55281E7FF829D10990383A /* Pods-Al-Areef.debug.xcconfig */,
				14C6E187FF4B6DACDB186EC2 /* Pods-Al-Areef.release.xcconfig */,
			);
			path = Pods;
			sourceTree = "<group>";
		};
/* End PBXGroup section */

/* Begin PBXNativeTarget section */
		79960D0F26206FCD0094483C /* Al-Areef */ = {
			isa = PBXNativeTarget;
			buildConfigurationList = 79960D2426206FCE0094483C /* Build configuration list for PBXNativeTarget "Al-Areef" */;
			buildPhases = (
				8EAC43EA628BE2C4D068170F /* [CP] Check Pods Manifest.lock */,
				79960D0C26206FCD0094483C /* Sources */,
				79960D0D26206FCD0094483C /* Frameworks */,
				79960D0E26206FCD0094483C /* Resources */,
				BD4948C8494295487D2BD6D2 /* [CP] Embed Pods Frameworks */,
				AE4CEEB120B652C282AD03D3 /* [CP] Copy Pods Resources */,
			);
			buildRules = (
			);
			dependencies = (
			);
			name = "Al-Areef";
			productName = "Al-Areef";
			productReference = 79960D1026206FCD0094483C /* Al-Areef.app */;
			productType = "com.apple.product-type.application";
		};
/* End PBXNativeTarget section */

/* Begin PBXProject section */
		79960D0826206FCD0094483C /* Project object */ = {
			isa = PBXProject;
			attributes = {
				LastSwiftUpdateCheck = 1240;
				LastUpgradeCheck = 1240;
				TargetAttributes = {
					79960D0F26206FCD0094483C = {
						CreatedOnToolsVersion = 12.4;
					};
				};
			};
			buildConfigurationList = 79960D0B26206FCD0094483C /* Build configuration list for PBXProject "Al-Areef" */;
			compatibilityVersion = "Xcode 9.3";
			developmentRegion = en;
			hasScannedForEncodings = 0;
			knownRegions = (
				en,
				Base,
				ar,
			);
			mainGroup = 79960D0726206FCD0094483C;
			productRefGroup = 79960D1126206FCD0094483C /* Products */;
			projectDirPath = "";
			projectRoot = "";
			targets = (
				79960D0F26206FCD0094483C /* Al-Areef */,
			);
		};
/* End PBXProject section */

/* Begin PBXResourcesBuildPhase section */
		79960D0E26206FCD0094483C /* Resources */ = {
			isa = PBXResourcesBuildPhase;
			buildActionMask = 2147483647;
			files = (
				79ED2DA32646DA22001F6A1E /* Poppins-Bold.ttf in Resources */,
				79ED2DA42646DA22001F6A1E /* Poppins-Light.ttf in Resources */,
				79ED2DA52646DA22001F6A1E /* Poppins-Medium.ttf in Resources */,
				79ED2DA62646DA22001F6A1E /* Khebrat Musamim 2018 Regular.ttf in Resources */,
				79ED2DA72646DA22001F6A1E /* Poppins-Regular.ttf in Resources */,
				79ED2DA82646DA22001F6A1E /* Poppins-SemiBold.ttf in Resources */,
				79ED2DA92646DA22001F6A1E /* Poppins-Thin.ttf in Resources */,
				353B6ADF2630B2C500FAC433 /* Customer.storyboard in Resources */,
				35703DE62621FBFB00D4F260 /* ProfileTab.storyboard in Resources */,
				35703DE92621FC4700D4F260 /* CalendarTab.storyboard in Resources */,
				35703DEC2621FC9500D4F260 /* SettingTab.storyboard in Resources */,
				35748DA0263EDC480002DC21 /* Doctor.storyboard in Resources */,
				79ED2D8E2646BCEC001F6A1E /* DashBoardCustomer.storyboard in Resources */,
				35C5A11B2638741B00BDCA3A /* RecordMessage.storyboard in Resources */,
				355CCEFA2630C7A900FE22E0 /* Localizable.strings in Resources */,
				79B42DB9263FEC11007252ED /* Company.storyboard in Resources */,
				79960D2026206FCE0094483C /* LaunchScreen.storyboard in Resources */,
				79B42DDA263FF338007252ED /* Assets.xcassets in Resources */,
				79960D1B26206FCD0094483C /* Main.storyboard in Resources */,
			);
			runOnlyForDeploymentPostprocessing = 0;
		};
/* End PBXResourcesBuildPhase section */

/* Begin PBXShellScriptBuildPhase section */
		8EAC43EA628BE2C4D068170F /* [CP] Check Pods Manifest.lock */ = {
			isa = PBXShellScriptBuildPhase;
			buildActionMask = 2147483647;
			files = (
			);
			inputFileListPaths = (
			);
			inputPaths = (
				"${PODS_PODFILE_DIR_PATH}/Podfile.lock",
				"${PODS_ROOT}/Manifest.lock",
			);
			name = "[CP] Check Pods Manifest.lock";
			outputFileListPaths = (
			);
			outputPaths = (
				"$(DERIVED_FILE_DIR)/Pods-Al-Areef-checkManifestLockResult.txt",
			);
			runOnlyForDeploymentPostprocessing = 0;
			shellPath = /bin/sh;
			shellScript = "diff \"${PODS_PODFILE_DIR_PATH}/Podfile.lock\" \"${PODS_ROOT}/Manifest.lock\" > /dev/null\nif [ $? != 0 ] ; then\n    # print error to STDERR\n    echo \"error: The sandbox is not in sync with the Podfile.lock. Run 'pod install' or update your CocoaPods installation.\" >&2\n    exit 1\nfi\n# This output is used by Xcode 'outputs' to avoid re-running this script phase.\necho \"SUCCESS\" > \"${SCRIPT_OUTPUT_FILE_0}\"\n";
			showEnvVarsInLog = 0;
		};
		AE4CEEB120B652C282AD03D3 /* [CP] Copy Pods Resources */ = {
			isa = PBXShellScriptBuildPhase;
			buildActionMask = 2147483647;
			files = (
			);
			inputFileListPaths = (
				"${PODS_ROOT}/Target Support Files/Pods-Al-Areef/Pods-Al-Areef-resources-${CONFIGURATION}-input-files.xcfilelist",
			);
			name = "[CP] Copy Pods Resources";
			outputFileListPaths = (
				"${PODS_ROOT}/Target Support Files/Pods-Al-Areef/Pods-Al-Areef-resources-${CONFIGURATION}-output-files.xcfilelist",
			);
			runOnlyForDeploymentPostprocessing = 0;
			shellPath = /bin/sh;
			shellScript = "\"${PODS_ROOT}/Target Support Files/Pods-Al-Areef/Pods-Al-Areef-resources.sh\"\n";
			showEnvVarsInLog = 0;
		};
		BD4948C8494295487D2BD6D2 /* [CP] Embed Pods Frameworks */ = {
			isa = PBXShellScriptBuildPhase;
			buildActionMask = 2147483647;
			files = (
			);
			inputFileListPaths = (
				"${PODS_ROOT}/Target Support Files/Pods-Al-Areef/Pods-Al-Areef-frameworks-${CONFIGURATION}-input-files.xcfilelist",
			);
			name = "[CP] Embed Pods Frameworks";
			outputFileListPaths = (
				"${PODS_ROOT}/Target Support Files/Pods-Al-Areef/Pods-Al-Areef-frameworks-${CONFIGURATION}-output-files.xcfilelist",
			);
			runOnlyForDeploymentPostprocessing = 0;
			shellPath = /bin/sh;
			shellScript = "\"${PODS_ROOT}/Target Support Files/Pods-Al-Areef/Pods-Al-Areef-frameworks.sh\"\n";
			showEnvVarsInLog = 0;
		};
/* End PBXShellScriptBuildPhase section */

/* Begin PBXSourcesBuildPhase section */
		79960D0C26206FCD0094483C /* Sources */ = {
			isa = PBXSourcesBuildPhase;
			buildActionMask = 2147483647;
			files = (
				7912FA1C264AC0CD0069DF0E /* CartVC.swift in Sources */,
				355CCEE12630BCE300FE22E0 /* LocalizationSystem.swift in Sources */,
				35748D88263E38130002DC21 /* AppUtility.swift in Sources */,
				79B42E1C263FF375007252ED /* PaymentSuccessPopupVC.swift in Sources */,
				79B42E10263FF375007252ED /* AnswerQuestionsVC.swift in Sources */,
				79CBD8EC262466D200CB0FC9 /* InfoSliderCell.swift in Sources */,
				35703DC32621E2E300D4F260 /* Khebrat Musamim 2018 Regular.ttf in Sources */,
				79CBD9072624B8E000CB0FC9 /* ConsultantProfileVC.swift in Sources */,
				35748D82263E36230002DC21 /* Reachability.swift in Sources */,
				79B42E0E263FF375007252ED /* ConsultantDetailsVC.swift in Sources */,
				353B6ABE263099F900FAC433 /* AppChangeLanguage.swift in Sources */,
				79B42E18263FF375007252ED /* ConsultingPersonalCell.swift in Sources */,
				35703DDC2621FB9400D4F260 /* SettingTabVC.swift in Sources */,
				79B42E11263FF375007252ED /* AnswerQuestionsTextViewCell.swift in Sources */,
				355CCEE22630BCE300FE22E0 /* Localizable.swift in Sources */,
				35703DBB2621C8BC00D4F260 /* Poppins-Bold.ttf in Sources */,
				35703DCC2621F17300D4F260 /* DashBoardTableViewCell.swift in Sources */,
				79B42E25263FF375007252ED /* ConsultingListHeaderCell.swift in Sources */,
				79B42E13263FF375007252ED /* ConsultingTypeVC.swift in Sources */,
				79B42E1E263FF375007252ED /* RecordDoneVC.swift in Sources */,
				79B42E1D263FF375007252ED /* RecordMessageVC.swift in Sources */,
				79B42E0D263FF375007252ED /* MakePaymentVC.swift in Sources */,
				35703DBC2621C8BC00D4F260 /* Poppins-Light.ttf in Sources */,
				79B42E22263FF375007252ED /* ChooseDurationVC.swift in Sources */,
				35703DBD2621C8BC00D4F260 /* Poppins-Medium.ttf in Sources */,
				35748D85263E36CE0002DC21 /* Utility.swift in Sources */,
				35703DD02621F5B500D4F260 /* UtechTab_UTC.swift in Sources */,
				35703DBE2621C8BC00D4F260 /* Poppins-Regular.ttf in Sources */,
				79D98B012634454C003B511B /* PlaceholderTextView.swift in Sources */,
				35703DBF2621C8BC00D4F260 /* Poppins-SemiBold.ttf in Sources */,
				79B42E1B263FF375007252ED /* MapVC.swift in Sources */,
				35703DC02621C8BC00D4F260 /* Poppins-Thin.ttf in Sources */,
				79692D082620C37F0056FB00 /* String + AI-Areef.swift in Sources */,
				79B42DB4263FEBF1007252ED /* CompanyRegistrationOneVC.swift in Sources */,
				79CBD8F3262486BC00CB0FC9 /* RegistrationStepTwoVC.swift in Sources */,
				79CBD9042624B8D000CB0FC9 /* WorkExperienceVC.swift in Sources */,
				79692CE626209D210056FB00 /* UITapGestureRecognizer + Al-Areef.swift in Sources */,
				79692D052620C3090056FB00 /* OTPView.swift in Sources */,
				79692CED2620A7D90056FB00 /* CustomerRegistrationVC.swift in Sources */,
				79692D012620BDD60056FB00 /* OTPVC.swift in Sources */,
				35748DA6263F20870002DC21 /* GeneralExtensions.swift in Sources */,
				79692CFA2620B96C0056FB00 /* UITextField+fixCaretPosition.swift in Sources */,
				79CBD8F62624961300CB0FC9 /* UIImage + AI-Areef.swift in Sources */,
				35748D8C263E392A0002DC21 /* UserDefaultsConstant.swift in Sources */,
				7912FA18264AAF000069DF0E /* HomeHeaderCell.swift in Sources */,
				79960D1826206FCD0094483C /* SplashVC.swift in Sources */,
				79CBD8F026247F4800CB0FC9 /* RegistrationStepOneVC.swift in Sources */,
				79B42E24263FF375007252ED /* ConsultingListVC.swift in Sources */,
				79692CD726208E0F0056FB00 /* LoginStepOneVC.swift in Sources */,
				79692CCC262087880056FB00 /* UIColor + AI-Areef.swift in Sources */,
				79CBD8F92624A13000CB0FC9 /* CreateDoctorProfileVC.swift in Sources */,
				79CBD9002624B8C100CB0FC9 /* AcademicQualificationVC.swift in Sources */,
				79692CDF262094110056FB00 /* UIView + Al-Areef.swift in Sources */,
				79B42E0F263FF375007252ED /* WriteMessageVC.swift in Sources */,
				7965F19A264BF2170059DF36 /* StepSlider.m in Sources */,
				35703DC72621F0D300D4F260 /* DasBoardCustViewController.swift in Sources */,
				35748D9A263EC3C80002DC21 /* SetteingsTVC.swift in Sources */,
				79B42E23263FF375007252ED /* ConsultingDurationVC.swift in Sources */,
				79B42E19263FF375007252ED /* RecordReviewVC.swift in Sources */,
				79B42E15263FF375007252ED /* MyAppointmentCell.swift in Sources */,
				7912FA21264AD4EF0069DF0E /* QuestionnaireFormVC.swift in Sources */,
				79B42E20263FF375007252ED /* ChooseDurationHeaderCell.swift in Sources */,
				79B42E21263FF375007252ED /* ChooseDurationFooterCell.swift in Sources */,
				35703DDF2621FBB800D4F260 /* ProfilleTabVC.swift in Sources */,
				79B42DB5263FEBF1007252ED /* SelectPlanVC.swift in Sources */,
				79B42E26263FF375007252ED /* ConsultingListCell.swift in Sources */,
				79692CE2262097330056FB00 /* UILabel + Al-Areef.swift in Sources */,
				79B42E16263FF375007252ED /* MyAppointmentVC.swift in Sources */,
				79692CE92620A5020056FB00 /* UIViewController + Al-Areef.swift in Sources */,
				79B42E12263FF375007252ED /* AnswerQuestionsCell.swift in Sources */,
				35703DE32621FBE200D4F260 /* CalendarTabVC.swift in Sources */,
				79692CDB26208E330056FB00 /* LonginVC.swift in Sources */,
				79B42E1A263FF375007252ED /* AppointmentReservationVC.swift in Sources */,
				79CBD8CF262460F000CB0FC9 /* InfoSliderVC.swift in Sources */,
				7922408426499D2E0076E14C /* CalendarVC.swift in Sources */,
				79692CF92620B96C0056FB00 /* SkyFloatingLabelTextField.swift in Sources */,
				79692CF82620B96C0056FB00 /* SkyFloatingLabelTextFieldWithIcon.swift in Sources */,
				79960D1426206FCD0094483C /* AppDelegate.swift in Sources */,
				79692D0F2620D2B80056FB00 /* Storyboard + AI-Areef.swift in Sources */,
				79692CF12620A8150056FB00 /* SignUpVC.swift in Sources */,
				7923A20C2645B0E600E14DE2 /* UserData.swift in Sources */,
				79B42E1F263FF375007252ED /* ChooseDurationCell.swift in Sources */,
				79B42E14263FF375007252ED /* ConsultingTypeCell.swift in Sources */,
				35748D76263E35430002DC21 /* ApiCall.swift in Sources */,
				79B42DB6263FEBF1007252ED /* CompanyRegistrationTwoVC.swift in Sources */,
				79B42E17263FF375007252ED /* ConsultingPersonalVC.swift in Sources */,
				79B42DCE263FEE6C007252ED /* NSAttributedString + AI-Areef.swift in Sources */,
				35748D75263E35430002DC21 /* WSRequest.swift in Sources */,
			);
			runOnlyForDeploymentPostprocessing = 0;
		};
/* End PBXSourcesBuildPhase section */

/* Begin PBXVariantGroup section */
		353B6AE12630B2C500FAC433 /* Customer.storyboard */ = {
			isa = PBXVariantGroup;
			children = (
				353B6AE02630B2C500FAC433 /* Base */,
				355CCEF52630C75E00FE22E0 /* ar */,
			);
			name = Customer.storyboard;
			sourceTree = "<group>";
		};
		355CCEFC2630C7A900FE22E0 /* Localizable.strings */ = {
			isa = PBXVariantGroup;
			children = (
				355CCEFB2630C7A900FE22E0 /* en */,
				355CCEFE2630C7AD00FE22E0 /* ar */,
			);
			name = Localizable.strings;
			sourceTree = "<group>";
		};
		35748D9E263EDC480002DC21 /* Doctor.storyboard */ = {
			isa = PBXVariantGroup;
			children = (
				35748D9F263EDC480002DC21 /* ar */,
				35748DA3263EDD700002DC21 /* Base */,
			);
			name = Doctor.storyboard;
			sourceTree = "<group>";
		};
		79960D1926206FCD0094483C /* Main.storyboard */ = {
			isa = PBXVariantGroup;
			children = (
				79960D1A26206FCD0094483C /* Base */,
				355CCF072630CCA700FE22E0 /* en */,
				355CCF0A2630CCEE00FE22E0 /* ar */,
			);
			name = Main.storyboard;
			sourceTree = "<group>";
		};
		79960D1E26206FCE0094483C /* LaunchScreen.storyboard */ = {
			isa = PBXVariantGroup;
			children = (
				79960D1F26206FCE0094483C /* Base */,
				355CCEF62630C75F00FE22E0 /* ar */,
			);
			name = LaunchScreen.storyboard;
			sourceTree = "<group>";
		};
		79ED2D902646BCEC001F6A1E /* DashBoardCustomer.storyboard */ = {
			isa = PBXVariantGroup;
			children = (
				79ED2D8F2646BCEC001F6A1E /* Base */,
				79ED2D932646BCF1001F6A1E /* en */,
				79ED2D952646BD29001F6A1E /* ar */,
			);
			name = DashBoardCustomer.storyboard;
			sourceTree = "<group>";
		};
/* End PBXVariantGroup section */

/* Begin XCBuildConfiguration section */
		79960D2226206FCE0094483C /* Debug */ = {
			isa = XCBuildConfiguration;
			buildSettings = {
				ALWAYS_SEARCH_USER_PATHS = NO;
				CLANG_ANALYZER_LOCALIZABILITY_NONLOCALIZED = YES;
				CLANG_ANALYZER_NONNULL = YES;
				CLANG_ANALYZER_NUMBER_OBJECT_CONVERSION = YES_AGGRESSIVE;
				CLANG_CXX_LANGUAGE_STANDARD = "gnu++14";
				CLANG_CXX_LIBRARY = "libc++";
				CLANG_ENABLE_MODULES = YES;
				CLANG_ENABLE_OBJC_ARC = YES;
				CLANG_ENABLE_OBJC_WEAK = YES;
				CLANG_WARN_BLOCK_CAPTURE_AUTORELEASING = YES;
				CLANG_WARN_BOOL_CONVERSION = YES;
				CLANG_WARN_COMMA = YES;
				CLANG_WARN_CONSTANT_CONVERSION = YES;
				CLANG_WARN_DEPRECATED_OBJC_IMPLEMENTATIONS = YES;
				CLANG_WARN_DIRECT_OBJC_ISA_USAGE = YES_ERROR;
				CLANG_WARN_DOCUMENTATION_COMMENTS = YES;
				CLANG_WARN_EMPTY_BODY = YES;
				CLANG_WARN_ENUM_CONVERSION = YES;
				CLANG_WARN_INFINITE_RECURSION = YES;
				CLANG_WARN_INT_CONVERSION = YES;
				CLANG_WARN_NON_LITERAL_NULL_CONVERSION = YES;
				CLANG_WARN_OBJC_IMPLICIT_RETAIN_SELF = YES;
				CLANG_WARN_OBJC_LITERAL_CONVERSION = YES;
				CLANG_WARN_OBJC_ROOT_CLASS = YES_ERROR;
				CLANG_WARN_QUOTED_INCLUDE_IN_FRAMEWORK_HEADER = YES;
				CLANG_WARN_RANGE_LOOP_ANALYSIS = YES;
				CLANG_WARN_STRICT_PROTOTYPES = YES;
				CLANG_WARN_SUSPICIOUS_MOVE = YES;
				CLANG_WARN_UNGUARDED_AVAILABILITY = YES_AGGRESSIVE;
				CLANG_WARN_UNREACHABLE_CODE = YES;
				CLANG_WARN__DUPLICATE_METHOD_MATCH = YES;
				COPY_PHASE_STRIP = NO;
				DEBUG_INFORMATION_FORMAT = dwarf;
				ENABLE_STRICT_OBJC_MSGSEND = YES;
				ENABLE_TESTABILITY = YES;
				GCC_C_LANGUAGE_STANDARD = gnu11;
				GCC_DYNAMIC_NO_PIC = NO;
				GCC_NO_COMMON_BLOCKS = YES;
				GCC_OPTIMIZATION_LEVEL = 0;
				GCC_PREPROCESSOR_DEFINITIONS = (
					"DEBUG=1",
					"$(inherited)",
				);
				GCC_WARN_64_TO_32_BIT_CONVERSION = YES;
				GCC_WARN_ABOUT_RETURN_TYPE = YES_ERROR;
				GCC_WARN_UNDECLARED_SELECTOR = YES;
				GCC_WARN_UNINITIALIZED_AUTOS = YES_AGGRESSIVE;
				GCC_WARN_UNUSED_FUNCTION = YES;
				GCC_WARN_UNUSED_VARIABLE = YES;
				IPHONEOS_DEPLOYMENT_TARGET = 14.4;
				MTL_ENABLE_DEBUG_INFO = INCLUDE_SOURCE;
				MTL_FAST_MATH = YES;
				ONLY_ACTIVE_ARCH = YES;
				SDKROOT = iphoneos;
				SWIFT_ACTIVE_COMPILATION_CONDITIONS = DEBUG;
				SWIFT_OPTIMIZATION_LEVEL = "-Onone";
			};
			name = Debug;
		};
		79960D2326206FCE0094483C /* Release */ = {
			isa = XCBuildConfiguration;
			buildSettings = {
				ALWAYS_SEARCH_USER_PATHS = NO;
				CLANG_ANALYZER_LOCALIZABILITY_NONLOCALIZED = YES;
				CLANG_ANALYZER_NONNULL = YES;
				CLANG_ANALYZER_NUMBER_OBJECT_CONVERSION = YES_AGGRESSIVE;
				CLANG_CXX_LANGUAGE_STANDARD = "gnu++14";
				CLANG_CXX_LIBRARY = "libc++";
				CLANG_ENABLE_MODULES = YES;
				CLANG_ENABLE_OBJC_ARC = YES;
				CLANG_ENABLE_OBJC_WEAK = YES;
				CLANG_WARN_BLOCK_CAPTURE_AUTORELEASING = YES;
				CLANG_WARN_BOOL_CONVERSION = YES;
				CLANG_WARN_COMMA = YES;
				CLANG_WARN_CONSTANT_CONVERSION = YES;
				CLANG_WARN_DEPRECATED_OBJC_IMPLEMENTATIONS = YES;
				CLANG_WARN_DIRECT_OBJC_ISA_USAGE = YES_ERROR;
				CLANG_WARN_DOCUMENTATION_COMMENTS = YES;
				CLANG_WARN_EMPTY_BODY = YES;
				CLANG_WARN_ENUM_CONVERSION = YES;
				CLANG_WARN_INFINITE_RECURSION = YES;
				CLANG_WARN_INT_CONVERSION = YES;
				CLANG_WARN_NON_LITERAL_NULL_CONVERSION = YES;
				CLANG_WARN_OBJC_IMPLICIT_RETAIN_SELF = YES;
				CLANG_WARN_OBJC_LITERAL_CONVERSION = YES;
				CLANG_WARN_OBJC_ROOT_CLASS = YES_ERROR;
				CLANG_WARN_QUOTED_INCLUDE_IN_FRAMEWORK_HEADER = YES;
				CLANG_WARN_RANGE_LOOP_ANALYSIS = YES;
				CLANG_WARN_STRICT_PROTOTYPES = YES;
				CLANG_WARN_SUSPICIOUS_MOVE = YES;
				CLANG_WARN_UNGUARDED_AVAILABILITY = YES_AGGRESSIVE;
				CLANG_WARN_UNREACHABLE_CODE = YES;
				CLANG_WARN__DUPLICATE_METHOD_MATCH = YES;
				COPY_PHASE_STRIP = NO;
				DEBUG_INFORMATION_FORMAT = "dwarf-with-dsym";
				ENABLE_NS_ASSERTIONS = NO;
				ENABLE_STRICT_OBJC_MSGSEND = YES;
				GCC_C_LANGUAGE_STANDARD = gnu11;
				GCC_NO_COMMON_BLOCKS = YES;
				GCC_WARN_64_TO_32_BIT_CONVERSION = YES;
				GCC_WARN_ABOUT_RETURN_TYPE = YES_ERROR;
				GCC_WARN_UNDECLARED_SELECTOR = YES;
				GCC_WARN_UNINITIALIZED_AUTOS = YES_AGGRESSIVE;
				GCC_WARN_UNUSED_FUNCTION = YES;
				GCC_WARN_UNUSED_VARIABLE = YES;
				IPHONEOS_DEPLOYMENT_TARGET = 14.4;
				MTL_ENABLE_DEBUG_INFO = NO;
				MTL_FAST_MATH = YES;
				SDKROOT = iphoneos;
				SWIFT_COMPILATION_MODE = wholemodule;
				SWIFT_OPTIMIZATION_LEVEL = "-O";
				VALIDATE_PRODUCT = YES;
			};
			name = Release;
		};
		79960D2526206FCE0094483C /* Debug */ = {
			isa = XCBuildConfiguration;
			baseConfigurationReference = FE55281E7FF829D10990383A /* Pods-Al-Areef.debug.xcconfig */;
			buildSettings = {
				ASSETCATALOG_COMPILER_APPICON_NAME = AppIcon;
				ASSETCATALOG_COMPILER_GLOBAL_ACCENT_COLOR_NAME = AccentColor;
				CODE_SIGN_ENTITLEMENTS = "Al-Areef/Al-Areef.entitlements";
				CODE_SIGN_STYLE = Automatic;
				EXCLUDED_ARCHS = arm64;
				INFOPLIST_FILE = "Al-Areef/Info.plist";
				LD_RUNPATH_SEARCH_PATHS = (
					"$(inherited)",
					"@executable_path/Frameworks",
				);
				PRODUCT_BUNDLE_IDENTIFIER = "com.Al-Areef.Al-AreefApp";
				PRODUCT_NAME = "$(TARGET_NAME)";
				SWIFT_VERSION = 5.0;
				TARGETED_DEVICE_FAMILY = "1,2";
			};
			name = Debug;
		};
		79960D2626206FCE0094483C /* Release */ = {
			isa = XCBuildConfiguration;
			baseConfigurationReference = 14C6E187FF4B6DACDB186EC2 /* Pods-Al-Areef.release.xcconfig */;
			buildSettings = {
				ASSETCATALOG_COMPILER_APPICON_NAME = AppIcon;
				ASSETCATALOG_COMPILER_GLOBAL_ACCENT_COLOR_NAME = AccentColor;
				CODE_SIGN_ENTITLEMENTS = "Al-Areef/Al-Areef.entitlements";
				CODE_SIGN_STYLE = Automatic;
				EXCLUDED_ARCHS = arm64;
				INFOPLIST_FILE = "Al-Areef/Info.plist";
				LD_RUNPATH_SEARCH_PATHS = (
					"$(inherited)",
					"@executable_path/Frameworks",
				);
				PRODUCT_BUNDLE_IDENTIFIER = "com.Al-Areef.Al-AreefApp";
				PRODUCT_NAME = "$(TARGET_NAME)";
				SWIFT_VERSION = 5.0;
				TARGETED_DEVICE_FAMILY = "1,2";
			};
			name = Release;
		};
/* End XCBuildConfiguration section */

/* Begin XCConfigurationList section */
		79960D0B26206FCD0094483C /* Build configuration list for PBXProject "Al-Areef" */ = {
			isa = XCConfigurationList;
			buildConfigurations = (
				79960D2226206FCE0094483C /* Debug */,
				79960D2326206FCE0094483C /* Release */,
			);
			defaultConfigurationIsVisible = 0;
			defaultConfigurationName = Release;
		};
		79960D2426206FCE0094483C /* Build configuration list for PBXNativeTarget "Al-Areef" */ = {
			isa = XCConfigurationList;
			buildConfigurations = (
				79960D2526206FCE0094483C /* Debug */,
				79960D2626206FCE0094483C /* Release */,
			);
			defaultConfigurationIsVisible = 0;
			defaultConfigurationName = Release;
		};
/* End XCConfigurationList section */
	};
	rootObject = 79960D0826206FCD0094483C /* Project object */;
}
